// !$*UTF8*$!
{
	archiveVersion = 1;
	classes = {
	};
	objectVersion = 56;
	objects = {

/* Begin PBXBuildFile section */
		02B148107BCCF9E21BE92BD6 /* SignatureExample.swift in Sources */ = {isa = PBXBuildFile; fileRef = CAAC9761924AC978F78EFB3C /* SignatureExample.swift */; };
		0331C07EDA66AB8AA563A80B /* LostConnectionConfig.swift in Sources */ = {isa = PBXBuildFile; fileRef = A8A1A3ABDF159420BA98A49A /* LostConnectionConfig.swift */; };
		1685E187F336F62EEB7B324F /* NfcHostViewModel.swift in Sources */ = {isa = PBXBuildFile; fileRef = 7048690DF680BA49CD39357B /* NfcHostViewModel.swift */; };
		17020FCD9FB04315DDCAD701 /* SignLangExample.swift in Sources */ = {isa = PBXBuildFile; fileRef = 38F1A7C84F376BAB8F7FB52A /* SignLangExample.swift */; };
		1B877CE2022409A43968E401 /* ThankYouHostViewModel.swift in Sources */ = {isa = PBXBuildFile; fileRef = 7EA36728B81E9DE0FFA9095A /* ThankYouHostViewModel.swift */; };
		20A7BD14F8A4E7E5D199F8EC /* PrepareExample.swift in Sources */ = {isa = PBXBuildFile; fileRef = 83FFC10ACB37A7082C2B7501 /* PrepareExample.swift */; };
		20D83C3B6B1BF96AAC231916 /* OvdConfig.swift in Sources */ = {isa = PBXBuildFile; fileRef = 3159998D93D86752A2506F50 /* OvdConfig.swift */; };
		23F73AE6FBC96F9F3541BBB5 /* AddressConfirmHostViewModel.swift in Sources */ = {isa = PBXBuildFile; fileRef = 43C6D451596D9BE89754BD76 /* AddressConfirmHostViewModel.swift */; };
		2D1D1B23AA0A86315D1E4A54 /* NfcConfig.swift in Sources */ = {isa = PBXBuildFile; fileRef = 78FB89BC5A568595E0445E7F /* NfcConfig.swift */; };
		2F5C383CA1B02BFB928D69C8 /* PrepareHostViewModel.swift in Sources */ = {isa = PBXBuildFile; fileRef = 480F245BECD28CA1A34D0EC9 /* PrepareHostViewModel.swift */; };
		34BF094BF844734F730C3288 /* SpeechExample.swift in Sources */ = {isa = PBXBuildFile; fileRef = 69E589C63A7C9F2C216637D8 /* SpeechExample.swift */; };
		36692AAE2F11120500A67DAB /* apiqa.identify.com.tr.cer in Resources */ = {isa = PBXBuildFile; fileRef = 36692AAD2F11120500A67DAB /* apiqa.identify.com.tr.cer */; };
		38089169FAD747CE4C9DA743 /* SelfieConfig.swift in Sources */ = {isa = PBXBuildFile; fileRef = 6739BE6561064B07E771C004 /* SelfieConfig.swift */; };
		3F3D346B21B00A04573BEFA7 /* OvdHostViewModel.swift in Sources */ = {isa = PBXBuildFile; fileRef = 7F8845530D6D0CDF129A80AB /* OvdHostViewModel.swift */; };
		480961182C64E70C00B9E6D5 /* v2api.identify.com.tr.cer in Resources */ = {isa = PBXBuildFile; fileRef = 48BFF0D02BBAF3940088D67E /* v2api.identify.com.tr.cer */; };
		480C1E4F2BDB8B8D0076D28B /* PrivacyInfo.xcprivacy in Resources */ = {isa = PBXBuildFile; fileRef = 480C1E4E2BDB8B8D0076D28B /* PrivacyInfo.xcprivacy */; };
		48171405294716830095A64F /* netfox in Frameworks */ = {isa = PBXBuildFile; productRef = 48171404294716830095A64F /* netfox */; settings = {ATTRIBUTES = (Required, ); }; };
		4831E1F32B69284400B67891 /* IQKeyboardManagerSwift in Frameworks */ = {isa = PBXBuildFile; productRef = 4831E1F22B69284400B67891 /* IQKeyboardManagerSwift */; };
		483BDB0F28F459CC00635BCC /* AppDelegate.swift in Sources */ = {isa = PBXBuildFile; fileRef = 483BDB0E28F459CC00635BCC /* AppDelegate.swift */; };
		483BDB1828F459CC00635BCC /* Assets.xcassets in Resources */ = {isa = PBXBuildFile; fileRef = 483BDB1728F459CC00635BCC /* Assets.xcassets */; };
		483BDB1B28F459CC00635BCC /* LaunchScreen.storyboard in Resources */ = {isa = PBXBuildFile; fileRef = 483BDB1928F459CC00635BCC /* LaunchScreen.storyboard */; };
		48420BA72A8B61840005250F /* WebRTC in Frameworks */ = {isa = PBXBuildFile; productRef = 48420BA62A8B61840005250F /* WebRTC */; };
		4843264BA582756F31BC049B /* VideoRecorderExample.swift in Sources */ = {isa = PBXBuildFile; fileRef = 4CCC6A080892B339165DAEFE /* VideoRecorderExample.swift */; };
		4857BFF82902D621001FE850 /* OpenSSL in Frameworks */ = {isa = PBXBuildFile; productRef = 4857BFF72902D621001FE850 /* OpenSSL */; settings = {ATTRIBUTES = (Required, ); }; };
		4857BFFB2902D636001FE850 /* Starscream in Frameworks */ = {isa = PBXBuildFile; productRef = 4857BFFA2902D636001FE850 /* Starscream */; settings = {ATTRIBUTES = (Required, ); }; };
		485C155C2907F3A7007B9ED0 /* SDKBundle+.swift in Sources */ = {isa = PBXBuildFile; fileRef = 485C15532907F3A7007B9ED0 /* SDKBundle+.swift */; };
		486A111E2B07BED000A34623 /* CameraPermission in Frameworks */ = {isa = PBXBuildFile; productRef = 486A111D2B07BED000A34623 /* CameraPermission */; };
		486A11202B07BED000A34623 /* MicrophonePermission in Frameworks */ = {isa = PBXBuildFile; productRef = 486A111F2B07BED000A34623 /* MicrophonePermission */; };
		486A11222B07BED000A34623 /* SpeechRecognizerPermission in Frameworks */ = {isa = PBXBuildFile; productRef = 486A11212B07BED000A34623 /* SpeechRecognizerPermission */; };
		4880596E291D0EBD0058C7CD /* Toast in Frameworks */ = {isa = PBXBuildFile; productRef = 4880596D291D0EBD0058C7CD /* Toast */; settings = {ATTRIBUTES = (Required, ); }; };
		488B29FB2E05BFDC00D1B6A0 /* Env.xcdatamodeld in Sources */ = {isa = PBXBuildFile; fileRef = 488B29F92E05BFDC00D1B6A0 /* Env.xcdatamodeld */; };
		48AB73FF291A762100F591A4 /* SwiftSignatureView in Frameworks */ = {isa = PBXBuildFile; productRef = 48AB73FE291A762100F591A4 /* SwiftSignatureView */; settings = {ATTRIBUTES = (Required, ); }; };
		48D802292924F6B000B9BB83 /* CHIOTPField in Frameworks */ = {isa = PBXBuildFile; productRef = 48D802282924F6B000B9BB83 /* CHIOTPField */; settings = {ATTRIBUTES = (Required, ); }; };
		48F0867829F7CA4E00FCA4BF /* QKMRZScanner in Frameworks */ = {isa = PBXBuildFile; productRef = 48F0867729F7CA4E00FCA4BF /* QKMRZScanner */; };
		4EB8F9AEC50F3D16E89F571A /* SpeechHostViewModel.swift in Sources */ = {isa = PBXBuildFile; fileRef = 67AFA8972E6D74BABD8F8908 /* SpeechHostViewModel.swift */; };
		4F4F4786244CE15242F72E20 /* SignLangConfig.swift in Sources */ = {isa = PBXBuildFile; fileRef = 1EF831B5FE4663D01DA67E72 /* SignLangConfig.swift */; };
		52AE70C807B1DE6C78EF42B1 /* AddressConfirmConfig.swift in Sources */ = {isa = PBXBuildFile; fileRef = F8AB4E3AB9B4946A4E942BCE /* AddressConfirmConfig.swift */; };
		546367627C2F7E7095D31DAA /* IdCardConfig.swift in Sources */ = {isa = PBXBuildFile; fileRef = 40B9B63DAC72EE8F298A5EDF /* IdCardConfig.swift */; };
		570990F5D08DE691C094A677 /* PrepareConfig.swift in Sources */ = {isa = PBXBuildFile; fileRef = FF95F704644F4C9AD7D0D8BD /* PrepareConfig.swift */; };
		603C8C37208CCC7F131712AF /* ThankYouExample.swift in Sources */ = {isa = PBXBuildFile; fileRef = 956407D26FD611F5BFB3EA14 /* ThankYouExample.swift */; };
		648C062BF824A6EFC090BF54 /* ShowcaseDetailView.swift in Sources */ = {isa = PBXBuildFile; fileRef = 1C85D70669B1F7007C0C56C8 /* ShowcaseDetailView.swift */; };
		6548FCBC17A7349C00F93F23 /* SignatureHostViewModel.swift in Sources */ = {isa = PBXBuildFile; fileRef = 83C3DC40D1DBEF2E401F4028 /* SignatureHostViewModel.swift */; };
		6EB04625C6C181E062318D3B /* OvdExample.swift in Sources */ = {isa = PBXBuildFile; fileRef = 41304A7BE43757905D04D5F1 /* OvdExample.swift */; };
		73B1B512BC274857621CBFC6 /* AddressConfirmExample.swift in Sources */ = {isa = PBXBuildFile; fileRef = C2EA1D1725FD5B313D46D172 /* AddressConfirmExample.swift */; };
		73C80F0F118FA44373E27E74 /* LivenessConfig.swift in Sources */ = {isa = PBXBuildFile; fileRef = E3BA5FC1FAB546013F29A92D /* LivenessConfig.swift */; };
		8129E6C8B3CDBC929051CB6F /* IdCardExample.swift in Sources */ = {isa = PBXBuildFile; fileRef = 244665EDEBB483AC83A5250C /* IdCardExample.swift */; };
		85F7CAB3920EA35AF9F2E7C3 /* ShowcaseSupport.swift in Sources */ = {isa = PBXBuildFile; fileRef = 0403CFDF0DB438E924B42014 /* ShowcaseSupport.swift */; };
		8AB276BB2F749D5100A764F1 /* LoginViewModel.swift in Sources */ = {isa = PBXBuildFile; fileRef = 8AB276BA2F749D5100A764F1 /* LoginViewModel.swift */; };
		8AB276D52F749D9600A764F1 /* LoginView.swift in Sources */ = {isa = PBXBuildFile; fileRef = 8AB276D42F749D9600A764F1 /* LoginView.swift */; };
		8C877716827596EDABDB1A0C /* HostModuleViewModel.swift in Sources */ = {isa = PBXBuildFile; fileRef = 67D3D084DA8B7D62494FBE14 /* HostModuleViewModel.swift */; };
		8D09EE402FE576700060F313 /* IdentifySDK.framework in Frameworks */ = {isa = PBXBuildFile; fileRef = 8DB74A792FCF9AAD00C204AA /* IdentifySDK.framework */; };
		8D09EE412FE576700060F313 /* IdentifySDK.framework in Embed Frameworks */ = {isa = PBXBuildFile; fileRef = 8DB74A792FCF9AAD00C204AA /* IdentifySDK.framework */; settings = {ATTRIBUTES = (CodeSignOnCopy, RemoveHeadersOnCopy, ); }; };
		8DD4665F2FED275C00710491 /* SDKNetworkLogger.swift in Sources */ = {isa = PBXBuildFile; fileRef = 8DD4665E2FED275C00710491 /* SDKNetworkLogger.swift */; };
		94955B41D87342FB90614A15 /* EventJourneyView.swift in Sources */ = {isa = PBXBuildFile; fileRef = EDE0731CCB95FC8930B4CDF9 /* EventJourneyView.swift */; };
		98A6E9F76B0CDEF0E6748CF1 /* LivenessHostViewModel.swift in Sources */ = {isa = PBXBuildFile; fileRef = 6EC4636F8DFEB15E2CF8A987 /* LivenessHostViewModel.swift */; };
		9BD45CE3D0D66FF246AFBBF8 /* SelfieExample.swift in Sources */ = {isa = PBXBuildFile; fileRef = 2A57F8CBAD67C67E1AE6DEF4 /* SelfieExample.swift */; };
		9DC17DBB0B141C9CE23F7DE5 /* CallScreenHostViewModel.swift in Sources */ = {isa = PBXBuildFile; fileRef = E3B4BED9E3082892F36C5BB2 /* CallScreenHostViewModel.swift */; };
		A1B2C3D4E5F600000000D001 /* SpeechShowcaseView.swift in Sources */ = {isa = PBXBuildFile; fileRef = A1B2C3D4E5F600000000D002 /* SpeechShowcaseView.swift */; };
		A2C6F79A2026898757BC42B9 /* SelfieHostViewModel.swift in Sources */ = {isa = PBXBuildFile; fileRef = 57E30CE984870EE743797F86 /* SelfieHostViewModel.swift */; };
		A32B80ACE7ACCDAA93A5809C /* ShowcaseDesignSystem.swift in Sources */ = {isa = PBXBuildFile; fileRef = EF207A18079E2DEBDDF2C291 /* ShowcaseDesignSystem.swift */; };
		AB88553E8E9E8E75A287A860 /* VideoRecorderHostViewModel.swift in Sources */ = {isa = PBXBuildFile; fileRef = 6BC8B7BA0254177A2E9F18BF /* VideoRecorderHostViewModel.swift */; };
		B390BD395DF48592BBEC30F4 /* CrossPlatformIntegrationView.swift in Sources */ = {isa = PBXBuildFile; fileRef = 323CD02657B616528C3DB18D /* CrossPlatformIntegrationView.swift */; };
		B3F4C30D4C97A3506304946A /* SignatureConfig.swift in Sources */ = {isa = PBXBuildFile; fileRef = 132D8A6DC4548828A606F69A /* SignatureConfig.swift */; };
		B6189A4A6FAA4C19F953A76D /* LivenessExample.swift in Sources */ = {isa = PBXBuildFile; fileRef = 1D5D6446508792351FAE43C1 /* LivenessExample.swift */; };
		B96ED9C1AD7CDD03E80D3843 /* SwlConfig.swift in Sources */ = {isa = PBXBuildFile; fileRef = B594ADE180C9067F9BC3918F /* SwlConfig.swift */; };
		BAE98C345A03B5B0EA24AFEB /* CallScreenConfig.swift in Sources */ = {isa = PBXBuildFile; fileRef = 1D02E04D34EAD1C52BC0DEC2 /* CallScreenConfig.swift */; };
		C6F2438F86CC1A84EAB1D579 /* ShowcaseCatalog.swift in Sources */ = {isa = PBXBuildFile; fileRef = A74668EDBCF178CDC326A0CB /* ShowcaseCatalog.swift */; };
		CA16FF7AA9C5A08D529E418F /* NfcExample.swift in Sources */ = {isa = PBXBuildFile; fileRef = C785CA5A3D0E029AC94CC98C /* NfcExample.swift */; };
		CA3775A6AE5A51ABAEA74D34 /* SDKEventRecorder.swift in Sources */ = {isa = PBXBuildFile; fileRef = 04F627E011A5FCBB33A21675 /* SDKEventRecorder.swift */; };
		CAD702D5CF6607209085D82F /* LostConnectionExample.swift in Sources */ = {isa = PBXBuildFile; fileRef = 1F9E3D331273419983B367F0 /* LostConnectionExample.swift */; };
		D9FE65E33CB6CBD96419F753 /* VideoRecorderConfig.swift in Sources */ = {isa = PBXBuildFile; fileRef = D769D9F2A2706129A88215A7 /* VideoRecorderConfig.swift */; };
		DC6ED2B24FE3552BD0CD7079 /* CallScreenExample.swift in Sources */ = {isa = PBXBuildFile; fileRef = 9D371CF8DF83A9DCADBB5BDC /* CallScreenExample.swift */; };
		DF7BC16A2D4A279600372CAB /* Env.xcdatamodeld in Sources */ = {isa = PBXBuildFile; fileRef = DF7BC1682D4A279600372CAB /* Env.xcdatamodeld */; };
		E3CB57B82D689AD96D83A0D7 /* SpeechConfig.swift in Sources */ = {isa = PBXBuildFile; fileRef = 48833D8D4390F5C09A657B43 /* SpeechConfig.swift */; };
		EB423325B7179B3F2299BD64 /* RootView.swift in Sources */ = {isa = PBXBuildFile; fileRef = 61B5EF76C54FCB981C0C918D /* RootView.swift */; };
		ECE6AC5A133D338A12DFB039 /* SignLangHostViewModel.swift in Sources */ = {isa = PBXBuildFile; fileRef = 68774B93564A361778A6B9FA /* SignLangHostViewModel.swift */; };
		EEA18B090A71F8FB5D9B55C1 /* LostConnectionHostViewModel.swift in Sources */ = {isa = PBXBuildFile; fileRef = 1C421856A405475F3D9766A0 /* LostConnectionHostViewModel.swift */; };
		F0B6D74F16CF3A7FF80B6E16 /* ThankYouConfig.swift in Sources */ = {isa = PBXBuildFile; fileRef = 9B0E79159FAD6CF4165CA0EA /* ThankYouConfig.swift */; };
		F7266D24C6CEF67A2157AC3B /* ShowcaseCatalogView.swift in Sources */ = {isa = PBXBuildFile; fileRef = 428C48EC43106C38A1B1CF96 /* ShowcaseCatalogView.swift */; };
		FB8139CBBFB4B72B3ABDD0C3 /* SwlExample.swift in Sources */ = {isa = PBXBuildFile; fileRef = 6D33FA61BFD40D861B866C43 /* SwlExample.swift */; };
		FC35450F26C18D34AFC45912 /* IdCardHostViewModel.swift in Sources */ = {isa = PBXBuildFile; fileRef = 057317BDAFB60877C85A3684 /* IdCardHostViewModel.swift */; };
/* End PBXBuildFile section */

/* Begin PBXCopyFilesBuildPhase section */
		8D09EE422FE576700060F313 /* Embed Frameworks */ = {
			isa = PBXCopyFilesBuildPhase;
			buildActionMask = 2147483647;
			dstPath = "";
			dstSubfolderSpec = 10;
			files = (
				8D09EE412FE576700060F313 /* IdentifySDK.framework in Embed Frameworks */,
			);
			name = "Embed Frameworks";
			runOnlyForDeploymentPostprocessing = 0;
		};
/* End PBXCopyFilesBuildPhase section */

/* Begin PBXFileReference section */
		0046CF4158A838AC23E4A05E /* Prepare.md */ = {isa = PBXFileReference; includeInIndex = 1; lastKnownFileType = net.daringfireball.markdown; path = Prepare.md; sourceTree = "<group>"; };
		0403CFDF0DB438E924B42014 /* ShowcaseSupport.swift */ = {isa = PBXFileReference; includeInIndex = 1; lastKnownFileType = sourcecode.swift; path = ShowcaseSupport.swift; sourceTree = "<group>"; };
		04F627E011A5FCBB33A21675 /* SDKEventRecorder.swift */ = {isa = PBXFileReference; includeInIndex = 1; lastKnownFileType = sourcecode.swift; path = SDKEventRecorder.swift; sourceTree = "<group>"; };
		057317BDAFB60877C85A3684 /* IdCardHostViewModel.swift */ = {isa = PBXFileReference; includeInIndex = 1; lastKnownFileType = sourcecode.swift; path = IdCardHostViewModel.swift; sourceTree = "<group>"; };
		0B53FD7244ABB96C21B862A3 /* AddressConfirm.md */ = {isa = PBXFileReference; includeInIndex = 1; lastKnownFileType = net.daringfireball.markdown; path = AddressConfirm.md; sourceTree = "<group>"; };
		132D8A6DC4548828A606F69A /* SignatureConfig.swift */ = {isa = PBXFileReference; includeInIndex = 1; lastKnownFileType = sourcecode.swift; path = SignatureConfig.swift; sourceTree = "<group>"; };
		1C421856A405475F3D9766A0 /* LostConnectionHostViewModel.swift */ = {isa = PBXFileReference; includeInIndex = 1; lastKnownFileType = sourcecode.swift; name = LostConnectionHostViewModel.swift; path = LostConnection/LostConnectionHostViewModel.swift; sourceTree = "<group>"; };
		1C85D70669B1F7007C0C56C8 /* ShowcaseDetailView.swift */ = {isa = PBXFileReference; includeInIndex = 1; lastKnownFileType = sourcecode.swift; path = ShowcaseDetailView.swift; sourceTree = "<group>"; };
		1CAB2FD912344E09646B3249 /* ThankYou.md */ = {isa = PBXFileReference; includeInIndex = 1; lastKnownFileType = net.daringfireball.markdown; path = ThankYou.md; sourceTree = "<group>"; };
		1D02E04D34EAD1C52BC0DEC2 /* CallScreenConfig.swift */ = {isa = PBXFileReference; includeInIndex = 1; lastKnownFileType = sourcecode.swift; path = CallScreenConfig.swift; sourceTree = "<group>"; };
		1D5D6446508792351FAE43C1 /* LivenessExample.swift */ = {isa = PBXFileReference; includeInIndex = 1; lastKnownFileType = sourcecode.swift; path = LivenessExample.swift; sourceTree = "<group>"; };
		1EF831B5FE4663D01DA67E72 /* SignLangConfig.swift */ = {isa = PBXFileReference; includeInIndex = 1; lastKnownFileType = sourcecode.swift; name = SignLangConfig.swift; path = SignLang/SignLangConfig.swift; sourceTree = "<group>"; };
		1F9E3D331273419983B367F0 /* LostConnectionExample.swift */ = {isa = PBXFileReference; includeInIndex = 1; lastKnownFileType = sourcecode.swift; name = LostConnectionExample.swift; path = LostConnection/LostConnectionExample.swift; sourceTree = "<group>"; };
		229C1F0653291C93F4CF6203 /* IdCard.md */ = {isa = PBXFileReference; includeInIndex = 1; lastKnownFileType = net.daringfireball.markdown; path = IdCard.md; sourceTree = "<group>"; };
		244665EDEBB483AC83A5250C /* IdCardExample.swift */ = {isa = PBXFileReference; includeInIndex = 1; lastKnownFileType = sourcecode.swift; path = IdCardExample.swift; sourceTree = "<group>"; };
		25E3D1CED1B9A1A164715AF1 /* LostConnection.md */ = {isa = PBXFileReference; includeInIndex = 1; lastKnownFileType = net.daringfireball.markdown; name = LostConnection.md; path = LostConnection/LostConnection.md; sourceTree = "<group>"; };
		2A57F8CBAD67C67E1AE6DEF4 /* SelfieExample.swift */ = {isa = PBXFileReference; includeInIndex = 1; lastKnownFileType = sourcecode.swift; path = SelfieExample.swift; sourceTree = "<group>"; };
		3159998D93D86752A2506F50 /* OvdConfig.swift */ = {isa = PBXFileReference; includeInIndex = 1; lastKnownFileType = sourcecode.swift; name = OvdConfig.swift; path = IdCardOVD/OvdConfig.swift; sourceTree = "<group>"; };
		323CD02657B616528C3DB18D /* CrossPlatformIntegrationView.swift */ = {isa = PBXFileReference; includeInIndex = 1; lastKnownFileType = sourcecode.swift; path = CrossPlatformIntegrationView.swift; sourceTree = "<group>"; };
		36692AAD2F11120500A67DAB /* apiqa.identify.com.tr.cer */ = {isa = PBXFileReference; lastKnownFileType = file; path = apiqa.identify.com.tr.cer; sourceTree = "<group>"; };
		38F1A7C84F376BAB8F7FB52A /* SignLangExample.swift */ = {isa = PBXFileReference; includeInIndex = 1; lastKnownFileType = sourcecode.swift; name = SignLangExample.swift; path = SignLang/SignLangExample.swift; sourceTree = "<group>"; };
		40B9B63DAC72EE8F298A5EDF /* IdCardConfig.swift */ = {isa = PBXFileReference; includeInIndex = 1; lastKnownFileType = sourcecode.swift; path = IdCardConfig.swift; sourceTree = "<group>"; };
		41304A7BE43757905D04D5F1 /* OvdExample.swift */ = {isa = PBXFileReference; includeInIndex = 1; lastKnownFileType = sourcecode.swift; name = OvdExample.swift; path = IdCardOVD/OvdExample.swift; sourceTree = "<group>"; };
		428C48EC43106C38A1B1CF96 /* ShowcaseCatalogView.swift */ = {isa = PBXFileReference; includeInIndex = 1; lastKnownFileType = sourcecode.swift; path = ShowcaseCatalogView.swift; sourceTree = "<group>"; };
		43C6D451596D9BE89754BD76 /* AddressConfirmHostViewModel.swift */ = {isa = PBXFileReference; includeInIndex = 1; lastKnownFileType = sourcecode.swift; path = AddressConfirmHostViewModel.swift; sourceTree = "<group>"; };
		480C1E4E2BDB8B8D0076D28B /* PrivacyInfo.xcprivacy */ = {isa = PBXFileReference; fileEncoding = 4; lastKnownFileType = text.xml; path = PrivacyInfo.xcprivacy; sourceTree = "<group>"; };
		480F245BECD28CA1A34D0EC9 /* PrepareHostViewModel.swift */ = {isa = PBXFileReference; includeInIndex = 1; lastKnownFileType = sourcecode.swift; path = PrepareHostViewModel.swift; sourceTree = "<group>"; };
		483BDB0B28F459CC00635BCC /* IdentifyTR.app */ = {isa = PBXFileReference; explicitFileType = wrapper.application; includeInIndex = 0; path = IdentifyTR.app; sourceTree = BUILT_PRODUCTS_DIR; };
		483BDB0E28F459CC00635BCC /* AppDelegate.swift */ = {isa = PBXFileReference; lastKnownFileType = sourcecode.swift; path = AppDelegate.swift; sourceTree = "<group>"; };
		483BDB1728F459CC00635BCC /* Assets.xcassets */ = {isa = PBXFileReference; lastKnownFileType = folder.assetcatalog; path = Assets.xcassets; sourceTree = "<group>"; };
		483BDB1A28F459CC00635BCC /* Base */ = {isa = PBXFileReference; lastKnownFileType = file.storyboard; name = Base; path = Base.lproj/LaunchScreen.storyboard; sourceTree = "<group>"; };
		483BDB1C28F459CC00635BCC /* Info.plist */ = {isa = PBXFileReference; lastKnownFileType = text.plist.xml; path = Info.plist; sourceTree = "<group>"; };
		485C15532907F3A7007B9ED0 /* SDKBundle+.swift */ = {isa = PBXFileReference; fileEncoding = 4; lastKnownFileType = sourcecode.swift; path = "SDKBundle+.swift"; sourceTree = "<group>"; };
		48833D8D4390F5C09A657B43 /* SpeechConfig.swift */ = {isa = PBXFileReference; includeInIndex = 1; lastKnownFileType = sourcecode.swift; path = SpeechConfig.swift; sourceTree = "<group>"; };
		488B29FA2E05BFDC00D1B6A0 /* Env.xcdatamodel */ = {isa = PBXFileReference; lastKnownFileType = wrapper.xcdatamodel; path = Env.xcdatamodel; sourceTree = "<group>"; };
		489CBB1A28F586D500D22CC1 /* NewTest.entitlements */ = {isa = PBXFileReference; lastKnownFileType = text.plist.entitlements; path = NewTest.entitlements; sourceTree = "<group>"; };
		48BFF0D02BBAF3940088D67E /* v2api.identify.com.tr.cer */ = {isa = PBXFileReference; lastKnownFileType = file; path = v2api.identify.com.tr.cer; sourceTree = "<group>"; };
		4CCC6A080892B339165DAEFE /* VideoRecorderExample.swift */ = {isa = PBXFileReference; includeInIndex = 1; lastKnownFileType = sourcecode.swift; path = VideoRecorderExample.swift; sourceTree = "<group>"; };
		517A859A46C272E9C46092E3 /* Modules.md */ = {isa = PBXFileReference; includeInIndex = 1; lastKnownFileType = net.daringfireball.markdown; path = Modules.md; sourceTree = "<group>"; };
		57E30CE984870EE743797F86 /* SelfieHostViewModel.swift */ = {isa = PBXFileReference; includeInIndex = 1; lastKnownFileType = sourcecode.swift; path = SelfieHostViewModel.swift; sourceTree = "<group>"; };
		61B5EF76C54FCB981C0C918D /* RootView.swift */ = {isa = PBXFileReference; includeInIndex = 1; lastKnownFileType = sourcecode.swift; path = RootView.swift; sourceTree = "<group>"; };
		66049748E5A02AB0B69795DF /* CallScreen.md */ = {isa = PBXFileReference; includeInIndex = 1; lastKnownFileType = net.daringfireball.markdown; path = CallScreen.md; sourceTree = "<group>"; };
		6739BE6561064B07E771C004 /* SelfieConfig.swift */ = {isa = PBXFileReference; includeInIndex = 1; lastKnownFileType = sourcecode.swift; path = SelfieConfig.swift; sourceTree = "<group>"; };
		67AFA8972E6D74BABD8F8908 /* SpeechHostViewModel.swift */ = {isa = PBXFileReference; includeInIndex = 1; lastKnownFileType = sourcecode.swift; path = SpeechHostViewModel.swift; sourceTree = "<group>"; };
		67D3D084DA8B7D62494FBE14 /* HostModuleViewModel.swift */ = {isa = PBXFileReference; includeInIndex = 1; lastKnownFileType = sourcecode.swift; path = HostModuleViewModel.swift; sourceTree = "<group>"; };
		68774B93564A361778A6B9FA /* SignLangHostViewModel.swift */ = {isa = PBXFileReference; includeInIndex = 1; lastKnownFileType = sourcecode.swift; name = SignLangHostViewModel.swift; path = SignLang/SignLangHostViewModel.swift; sourceTree = "<group>"; };
		69E589C63A7C9F2C216637D8 /* SpeechExample.swift */ = {isa = PBXFileReference; includeInIndex = 1; lastKnownFileType = sourcecode.swift; path = SpeechExample.swift; sourceTree = "<group>"; };
		6BC8B7BA0254177A2E9F18BF /* VideoRecorderHostViewModel.swift */ = {isa = PBXFileReference; includeInIndex = 1; lastKnownFileType = sourcecode.swift; path = VideoRecorderHostViewModel.swift; sourceTree = "<group>"; };
		6D33FA61BFD40D861B866C43 /* SwlExample.swift */ = {isa = PBXFileReference; includeInIndex = 1; lastKnownFileType = sourcecode.swift; name = SwlExample.swift; path = SelfieWithLiveness/SwlExample.swift; sourceTree = "<group>"; };
		6EC4636F8DFEB15E2CF8A987 /* LivenessHostViewModel.swift */ = {isa = PBXFileReference; includeInIndex = 1; lastKnownFileType = sourcecode.swift; path = LivenessHostViewModel.swift; sourceTree = "<group>"; };
		7048690DF680BA49CD39357B /* NfcHostViewModel.swift */ = {isa = PBXFileReference; includeInIndex = 1; lastKnownFileType = sourcecode.swift; path = NfcHostViewModel.swift; sourceTree = "<group>"; };
		78FB89BC5A568595E0445E7F /* NfcConfig.swift */ = {isa = PBXFileReference; includeInIndex = 1; lastKnownFileType = sourcecode.swift; path = NfcConfig.swift; sourceTree = "<group>"; };
		7EA36728B81E9DE0FFA9095A /* ThankYouHostViewModel.swift */ = {isa = PBXFileReference; includeInIndex = 1; lastKnownFileType = sourcecode.swift; path = ThankYouHostViewModel.swift; sourceTree = "<group>"; };
		7F72785DDA567AE6B606E51B /* IdCardOVD.md */ = {isa = PBXFileReference; includeInIndex = 1; lastKnownFileType = net.daringfireball.markdown; name = IdCardOVD.md; path = IdCardOVD/IdCardOVD.md; sourceTree = "<group>"; };
		7F8845530D6D0CDF129A80AB /* OvdHostViewModel.swift */ = {isa = PBXFileReference; includeInIndex = 1; lastKnownFileType = sourcecode.swift; name = OvdHostViewModel.swift; path = IdCardOVD/OvdHostViewModel.swift; sourceTree = "<group>"; };
		83C3DC40D1DBEF2E401F4028 /* SignatureHostViewModel.swift */ = {isa = PBXFileReference; includeInIndex = 1; lastKnownFileType = sourcecode.swift; path = SignatureHostViewModel.swift; sourceTree = "<group>"; };
		83FFC10ACB37A7082C2B7501 /* PrepareExample.swift */ = {isa = PBXFileReference; includeInIndex = 1; lastKnownFileType = sourcecode.swift; path = PrepareExample.swift; sourceTree = "<group>"; };
		8AB276BA2F749D5100A764F1 /* LoginViewModel.swift */ = {isa = PBXFileReference; lastKnownFileType = sourcecode.swift; path = LoginViewModel.swift; sourceTree = "<group>"; };
		8AB276D42F749D9600A764F1 /* LoginView.swift */ = {isa = PBXFileReference; lastKnownFileType = sourcecode.swift; path = LoginView.swift; sourceTree = "<group>"; };
		8DB74A792FCF9AAD00C204AA /* IdentifySDK.framework */ = {isa = PBXFileReference; explicitFileType = wrapper.framework; path = IdentifySDK.framework; sourceTree = BUILT_PRODUCTS_DIR; };
		8DD4665E2FED275C00710491 /* SDKNetworkLogger.swift */ = {isa = PBXFileReference; lastKnownFileType = sourcecode.swift; path = SDKNetworkLogger.swift; sourceTree = "<group>"; };
		956407D26FD611F5BFB3EA14 /* ThankYouExample.swift */ = {isa = PBXFileReference; includeInIndex = 1; lastKnownFileType = sourcecode.swift; path = ThankYouExample.swift; sourceTree = "<group>"; };
		9B0E79159FAD6CF4165CA0EA /* ThankYouConfig.swift */ = {isa = PBXFileReference; includeInIndex = 1; lastKnownFileType = sourcecode.swift; path = ThankYouConfig.swift; sourceTree = "<group>"; };
		9D371CF8DF83A9DCADBB5BDC /* CallScreenExample.swift */ = {isa = PBXFileReference; includeInIndex = 1; lastKnownFileType = sourcecode.swift; path = CallScreenExample.swift; sourceTree = "<group>"; };
		A1B2C3D4E5F600000000D002 /* SpeechShowcaseView.swift */ = {isa = PBXFileReference; includeInIndex = 1; lastKnownFileType = sourcecode.swift; path = SpeechShowcaseView.swift; sourceTree = "<group>"; };
		A6F847345ADC65600F74472B /* NFC.md */ = {isa = PBXFileReference; includeInIndex = 1; lastKnownFileType = net.daringfireball.markdown; path = NFC.md; sourceTree = "<group>"; };
		A74668EDBCF178CDC326A0CB /* ShowcaseCatalog.swift */ = {isa = PBXFileReference; includeInIndex = 1; lastKnownFileType = sourcecode.swift; path = ShowcaseCatalog.swift; sourceTree = "<group>"; };
		A8A1A3ABDF159420BA98A49A /* LostConnectionConfig.swift */ = {isa = PBXFileReference; includeInIndex = 1; lastKnownFileType = sourcecode.swift; name = LostConnectionConfig.swift; path = LostConnection/LostConnectionConfig.swift; sourceTree = "<group>"; };
		A976FA2849055FDBA027C5F9 /* Liveness.md */ = {isa = PBXFileReference; includeInIndex = 1; lastKnownFileType = net.daringfireball.markdown; path = Liveness.md; sourceTree = "<group>"; };
		AEEB7D72CC9A421C38C8C68D /* Selfie.md */ = {isa = PBXFileReference; includeInIndex = 1; lastKnownFileType = net.daringfireball.markdown; path = Selfie.md; sourceTree = "<group>"; };
		B594ADE180C9067F9BC3918F /* SwlConfig.swift */ = {isa = PBXFileReference; includeInIndex = 1; lastKnownFileType = sourcecode.swift; name = SwlConfig.swift; path = SelfieWithLiveness/SwlConfig.swift; sourceTree = "<group>"; };
		C2EA1D1725FD5B313D46D172 /* AddressConfirmExample.swift */ = {isa = PBXFileReference; includeInIndex = 1; lastKnownFileType = sourcecode.swift; path = AddressConfirmExample.swift; sourceTree = "<group>"; };
		C785CA5A3D0E029AC94CC98C /* NfcExample.swift */ = {isa = PBXFileReference; includeInIndex = 1; lastKnownFileType = sourcecode.swift; path = NfcExample.swift; sourceTree = "<group>"; };
		CAAC9761924AC978F78EFB3C /* SignatureExample.swift */ = {isa = PBXFileReference; includeInIndex = 1; lastKnownFileType = sourcecode.swift; path = SignatureExample.swift; sourceTree = "<group>"; };
		CF4452B9BB47F5F5E9D79299 /* VideoRecorder.md */ = {isa = PBXFileReference; includeInIndex = 1; lastKnownFileType = net.daringfireball.markdown; path = VideoRecorder.md; sourceTree = "<group>"; };
		D12ED3C247F6A7989DF9536F /* SignLang.md */ = {isa = PBXFileReference; includeInIndex = 1; lastKnownFileType = net.daringfireball.markdown; name = SignLang.md; path = SignLang/SignLang.md; sourceTree = "<group>"; };
		D769D9F2A2706129A88215A7 /* VideoRecorderConfig.swift */ = {isa = PBXFileReference; includeInIndex = 1; lastKnownFileType = sourcecode.swift; path = VideoRecorderConfig.swift; sourceTree = "<group>"; };
		DF7BC1692D4A279600372CAB /* Env.xcdatamodel */ = {isa = PBXFileReference; lastKnownFileType = wrapper.xcdatamodel; path = Env.xcdatamodel; sourceTree = "<group>"; };
		E382A83DAA46876BB234A0BF /* Speech.md */ = {isa = PBXFileReference; includeInIndex = 1; lastKnownFileType = net.daringfireball.markdown; path = Speech.md; sourceTree = "<group>"; };
		E3B4BED9E3082892F36C5BB2 /* CallScreenHostViewModel.swift */ = {isa = PBXFileReference; includeInIndex = 1; lastKnownFileType = sourcecode.swift; path = CallScreenHostViewModel.swift; sourceTree = "<group>"; };
		E3BA5FC1FAB546013F29A92D /* LivenessConfig.swift */ = {isa = PBXFileReference; includeInIndex = 1; lastKnownFileType = sourcecode.swift; path = LivenessConfig.swift; sourceTree = "<group>"; };
		E508AA61B5FE4BC3634D1265 /* SelfieWithLiveness.md */ = {isa = PBXFileReference; includeInIndex = 1; lastKnownFileType = net.daringfireball.markdown; name = SelfieWithLiveness.md; path = SelfieWithLiveness/SelfieWithLiveness.md; sourceTree = "<group>"; };
		E657C2C0507F10544251E477 /* Signature.md */ = {isa = PBXFileReference; includeInIndex = 1; lastKnownFileType = net.daringfireball.markdown; path = Signature.md; sourceTree = "<group>"; };
		EDE0731CCB95FC8930B4CDF9 /* EventJourneyView.swift */ = {isa = PBXFileReference; includeInIndex = 1; lastKnownFileType = sourcecode.swift; path = EventJourneyView.swift; sourceTree = "<group>"; };
		EF207A18079E2DEBDDF2C291 /* ShowcaseDesignSystem.swift */ = {isa = PBXFileReference; includeInIndex = 1; lastKnownFileType = sourcecode.swift; path = ShowcaseDesignSystem.swift; sourceTree = "<group>"; };
		F8AB4E3AB9B4946A4E942BCE /* AddressConfirmConfig.swift */ = {isa = PBXFileReference; includeInIndex = 1; lastKnownFileType = sourcecode.swift; path = AddressConfirmConfig.swift; sourceTree = "<group>"; };
		FF95F704644F4C9AD7D0D8BD /* PrepareConfig.swift */ = {isa = PBXFileReference; includeInIndex = 1; lastKnownFileType = sourcecode.swift; path = PrepareConfig.swift; sourceTree = "<group>"; };
/* End PBXFileReference section */

/* Begin PBXFrameworksBuildPhase section */
		483BDB0828F459CC00635BCC /* Frameworks */ = {
			isa = PBXFrameworksBuildPhase;
			buildActionMask = 2147483647;
			files = (
				4880596E291D0EBD0058C7CD /* Toast in Frameworks */,
				486A11222B07BED000A34623 /* SpeechRecognizerPermission in Frameworks */,
				486A11202B07BED000A34623 /* MicrophonePermission in Frameworks */,
				48AB73FF291A762100F591A4 /* SwiftSignatureView in Frameworks */,
				486A111E2B07BED000A34623 /* CameraPermission in Frameworks */,
				48420BA72A8B61840005250F /* WebRTC in Frameworks */,
				4857BFF82902D621001FE850 /* OpenSSL in Frameworks */,
				4831E1F32B69284400B67891 /* IQKeyboardManagerSwift in Frameworks */,
				48171405294716830095A64F /* netfox in Frameworks */,
				48F0867829F7CA4E00FCA4BF /* QKMRZScanner in Frameworks */,
				4857BFFB2902D636001FE850 /* Starscream in Frameworks */,
				48D802292924F6B000B9BB83 /* CHIOTPField in Frameworks */,
				8D09EE402FE576700060F313 /* IdentifySDK.framework in Frameworks */,
			);
			runOnlyForDeploymentPostprocessing = 0;
		};
/* End PBXFrameworksBuildPhase section */

/* Begin PBXGroup section */
		01A17D0521B5F1361801D4C6 /* EventJourney */ = {
			isa = PBXGroup;
			children = (
				04F627E011A5FCBB33A21675 /* SDKEventRecorder.swift */,
				EDE0731CCB95FC8930B4CDF9 /* EventJourneyView.swift */,
			);
			path = EventJourney;
			sourceTree = "<group>";
		};
		0A5F2557CEAB77480549739F /* Selfie */ = {
			isa = PBXGroup;
			children = (
				2A57F8CBAD67C67E1AE6DEF4 /* SelfieExample.swift */,
				57E30CE984870EE743797F86 /* SelfieHostViewModel.swift */,
				6739BE6561064B07E771C004 /* SelfieConfig.swift */,
				AEEB7D72CC9A421C38C8C68D /* Selfie.md */,
			);
			path = Selfie;
			sourceTree = "<group>";
		};
		1D2583FF77D60EAEAD615710 /* IdCardOVD */ = {
			isa = PBXGroup;
			children = (
				3159998D93D86752A2506F50 /* OvdConfig.swift */,
				7F8845530D6D0CDF129A80AB /* OvdHostViewModel.swift */,
				41304A7BE43757905D04D5F1 /* OvdExample.swift */,
				7F72785DDA567AE6B606E51B /* IdCardOVD.md */,
			);
			name = IdCardOVD;
			sourceTree = "<group>";
		};
		21C939E785B21946EA0D616F /* Signature */ = {
			isa = PBXGroup;
			children = (
				CAAC9761924AC978F78EFB3C /* SignatureExample.swift */,
				83C3DC40D1DBEF2E401F4028 /* SignatureHostViewModel.swift */,
				132D8A6DC4548828A606F69A /* SignatureConfig.swift */,
				E657C2C0507F10544251E477 /* Signature.md */,
			);
			path = Signature;
			sourceTree = "<group>";
		};
		23769EA8EE77E60C3789BF25 /* Prepare */ = {
			isa = PBXGroup;
			children = (
				83FFC10ACB37A7082C2B7501 /* PrepareExample.swift */,
				480F245BECD28CA1A34D0EC9 /* PrepareHostViewModel.swift */,
				FF95F704644F4C9AD7D0D8BD /* PrepareConfig.swift */,
				0046CF4158A838AC23E4A05E /* Prepare.md */,
			);
			path = Prepare;
			sourceTree = "<group>";
		};
		483BDB0228F459CC00635BCC = {
			isa = PBXGroup;
			children = (
				483BDB0D28F459CC00635BCC /* NewTest */,
				8A6DA0202F55B9C30070041C /* Frameworks */,
				483BDB0C28F459CC00635BCC /* Products */,
			);
			sourceTree = "<group>";
		};
		483BDB0C28F459CC00635BCC /* Products */ = {
			isa = PBXGroup;
			children = (
				483BDB0B28F459CC00635BCC /* IdentifyTR.app */,
			);
			name = Products;
			sourceTree = "<group>";
		};
		483BDB0D28F459CC00635BCC /* NewTest */ = {
			isa = PBXGroup;
			children = (
				8ABF200B2F6A03700010FABD /* App */,
				8ABF200C2F6A037C0010FABD /* Core */,
				8ABF20152F6A03DB0010FABD /* Modules */,
				8ABF20342F6A04F30010FABD /* SupportingFiles */,
				54C0C9B6DD6290D6B56AF778 /* Showcase */,
			);
			path = NewTest;
			sourceTree = "<group>";
		};
		4FC2E68CAF296B516523C4EF /* SignLang */ = {
			isa = PBXGroup;
			children = (
				1EF831B5FE4663D01DA67E72 /* SignLangConfig.swift */,
				68774B93564A361778A6B9FA /* SignLangHostViewModel.swift */,
				38F1A7C84F376BAB8F7FB52A /* SignLangExample.swift */,
				D12ED3C247F6A7989DF9536F /* SignLang.md */,
			);
			name = SignLang;
			sourceTree = "<group>";
		};
		54C0C9B6DD6290D6B56AF778 /* Showcase */ = {
			isa = PBXGroup;
			children = (
				0403CFDF0DB438E924B42014 /* ShowcaseSupport.swift */,
				A74668EDBCF178CDC326A0CB /* ShowcaseCatalog.swift */,
				428C48EC43106C38A1B1CF96 /* ShowcaseCatalogView.swift */,
				1C85D70669B1F7007C0C56C8 /* ShowcaseDetailView.swift */,
				67D3D084DA8B7D62494FBE14 /* HostModuleViewModel.swift */,
				EF207A18079E2DEBDDF2C291 /* ShowcaseDesignSystem.swift */,
				A1B2C3D4E5F600000000D002 /* SpeechShowcaseView.swift */,
				01A17D0521B5F1361801D4C6 /* EventJourney */,
				9E462EAA116AE45A4681F552 /* CrossPlatform */,
			);
			path = Showcase;
			sourceTree = "<group>";
		};
		66077097C4908170A21B14CC /* IdCard */ = {
			isa = PBXGroup;
			children = (
				244665EDEBB483AC83A5250C /* IdCardExample.swift */,
				057317BDAFB60877C85A3684 /* IdCardHostViewModel.swift */,
				40B9B63DAC72EE8F298A5EDF /* IdCardConfig.swift */,
				229C1F0653291C93F4CF6203 /* IdCard.md */,
			);
			path = IdCard;
			sourceTree = "<group>";
		};
		75250222AF2DFDBA0007AAFC /* CallScreen */ = {
			isa = PBXGroup;
			children = (
				9D371CF8DF83A9DCADBB5BDC /* CallScreenExample.swift */,
				E3B4BED9E3082892F36C5BB2 /* CallScreenHostViewModel.swift */,
				1D02E04D34EAD1C52BC0DEC2 /* CallScreenConfig.swift */,
				66049748E5A02AB0B69795DF /* CallScreen.md */,
			);
			path = CallScreen;
			sourceTree = "<group>";
		};
		8A6DA0202F55B9C30070041C /* Frameworks */ = {
			isa = PBXGroup;
			children = (
				8DB74A792FCF9AAD00C204AA /* IdentifySDK.framework */,
			);
			name = Frameworks;
			sourceTree = "<group>";
		};
		8ABF200B2F6A03700010FABD /* App */ = {
			isa = PBXGroup;
			children = (
				483BDB0E28F459CC00635BCC /* AppDelegate.swift */,
				61B5EF76C54FCB981C0C918D /* RootView.swift */,
			);
			path = App;
			sourceTree = "<group>";
		};
		8ABF200C2F6A037C0010FABD /* Core */ = {
			isa = PBXGroup;
			children = (
				8ABF200D2F6A037F0010FABD /* Extensions */,
				8DD4665D2FED270000710491 /* Debug */,
			);
			path = Core;
			sourceTree = "<group>";
		};
		8ABF200D2F6A037F0010FABD /* Extensions */ = {
			isa = PBXGroup;
			children = (
				485C15532907F3A7007B9ED0 /* SDKBundle+.swift */,
			);
			path = Extensions;
			sourceTree = "<group>";
		};
		8ABF20152F6A03DB0010FABD /* Modules */ = {
			isa = PBXGroup;
			children = (
				8ABF20162F6A03DD0010FABD /* Login */,
				23769EA8EE77E60C3789BF25 /* Prepare */,
				0A5F2557CEAB77480549739F /* Selfie */,
				66077097C4908170A21B14CC /* IdCard */,
				AC7EA6D8C425283F76D8152A /* NFC */,
				97E28A61DBDD4ABDC0EDB84B /* Liveness */,
				A8A4920A36DAA081F02285AF /* Speech */,
				FDA782EA4D4866F0D76977F8 /* AddressConfirm */,
				21C939E785B21946EA0D616F /* Signature */,
				E138BC6B3DEC2DA8038E3F37 /* VideoRecorder */,
				75250222AF2DFDBA0007AAFC /* CallScreen */,
				BDEEADD3BA9184B0FF922815 /* ThankYou */,
				4FC2E68CAF296B516523C4EF /* SignLang */,
				BCB0782978B1CBB87D73C474 /* LostConnection */,
				1D2583FF77D60EAEAD615710 /* IdCardOVD */,
				A629492FC7CC99257DA1499C /* SelfieWithLiveness */,
				517A859A46C272E9C46092E3 /* Modules.md */,
			);
			path = Modules;
			sourceTree = "<group>";
		};
		8ABF20162F6A03DD0010FABD /* Login */ = {
			isa = PBXGroup;
			children = (
				8AB276D42F749D9600A764F1 /* LoginView.swift */,
				8AB276BA2F749D5100A764F1 /* LoginViewModel.swift */,
			);
			path = Login;
			sourceTree = "<group>";
		};
		8ABF20342F6A04F30010FABD /* SupportingFiles */ = {
			isa = PBXGroup;
			children = (
				480C1E4E2BDB8B8D0076D28B /* PrivacyInfo.xcprivacy */,
				48BFF0D02BBAF3940088D67E /* v2api.identify.com.tr.cer */,
				36692AAD2F11120500A67DAB /* apiqa.identify.com.tr.cer */,
				489CBB1A28F586D500D22CC1 /* NewTest.entitlements */,
				DF7BC1682D4A279600372CAB /* Env.xcdatamodeld */,
				488B29F92E05BFDC00D1B6A0 /* Env.xcdatamodeld */,
				483BDB1728F459CC00635BCC /* Assets.xcassets */,
				483BDB1928F459CC00635BCC /* LaunchScreen.storyboard */,
				483BDB1C28F459CC00635BCC /* Info.plist */,
			);
			path = SupportingFiles;
			sourceTree = "<group>";
		};
		8DD4665D2FED270000710491 /* Debug */ = {
			isa = PBXGroup;
			children = (
				8DD4665E2FED275C00710491 /* SDKNetworkLogger.swift */,
			);
			path = Debug;
			sourceTree = "<group>";
		};
		97E28A61DBDD4ABDC0EDB84B /* Liveness */ = {
			isa = PBXGroup;
			children = (
				1D5D6446508792351FAE43C1 /* LivenessExample.swift */,
				6EC4636F8DFEB15E2CF8A987 /* LivenessHostViewModel.swift */,
				E3BA5FC1FAB546013F29A92D /* LivenessConfig.swift */,
				A976FA2849055FDBA027C5F9 /* Liveness.md */,
			);
			path = Liveness;
			sourceTree = "<group>";
		};
		9E462EAA116AE45A4681F552 /* CrossPlatform */ = {
			isa = PBXGroup;
			children = (
				323CD02657B616528C3DB18D /* CrossPlatformIntegrationView.swift */,
			);
			path = CrossPlatform;
			sourceTree = "<group>";
		};
		A629492FC7CC99257DA1499C /* SelfieWithLiveness */ = {
			isa = PBXGroup;
			children = (
				B594ADE180C9067F9BC3918F /* SwlConfig.swift */,
				6D33FA61BFD40D861B866C43 /* SwlExample.swift */,
				E508AA61B5FE4BC3634D1265 /* SelfieWithLiveness.md */,
			);
			name = SelfieWithLiveness;
			sourceTree = "<group>";
		};
		A8A4920A36DAA081F02285AF /* Speech */ = {
			isa = PBXGroup;
			children = (
				69E589C63A7C9F2C216637D8 /* SpeechExample.swift */,
				67AFA8972E6D74BABD8F8908 /* SpeechHostViewModel.swift */,
				48833D8D4390F5C09A657B43 /* SpeechConfig.swift */,
				E382A83DAA46876BB234A0BF /* Speech.md */,
			);
			path = Speech;
			sourceTree = "<group>";
		};
		AC7EA6D8C425283F76D8152A /* NFC */ = {
			isa = PBXGroup;
			children = (
				C785CA5A3D0E029AC94CC98C /* NfcExample.swift */,
				7048690DF680BA49CD39357B /* NfcHostViewModel.swift */,
				78FB89BC5A568595E0445E7F /* NfcConfig.swift */,
				A6F847345ADC65600F74472B /* NFC.md */,
			);
			path = NFC;
			sourceTree = "<group>";
		};
		BCB0782978B1CBB87D73C474 /* LostConnection */ = {
			isa = PBXGroup;
			children = (
				A8A1A3ABDF159420BA98A49A /* LostConnectionConfig.swift */,
				1C421856A405475F3D9766A0 /* LostConnectionHostViewModel.swift */,
				1F9E3D331273419983B367F0 /* LostConnectionExample.swift */,
				25E3D1CED1B9A1A164715AF1 /* LostConnection.md */,
			);
			name = LostConnection;
			sourceTree = "<group>";
		};
		BDEEADD3BA9184B0FF922815 /* ThankYou */ = {
			isa = PBXGroup;
			children = (
				956407D26FD611F5BFB3EA14 /* ThankYouExample.swift */,
				7EA36728B81E9DE0FFA9095A /* ThankYouHostViewModel.swift */,
				9B0E79159FAD6CF4165CA0EA /* ThankYouConfig.swift */,
				1CAB2FD912344E09646B3249 /* ThankYou.md */,
			);
			path = ThankYou;
			sourceTree = "<group>";
		};
		E138BC6B3DEC2DA8038E3F37 /* VideoRecorder */ = {
			isa = PBXGroup;
			children = (
				4CCC6A080892B339165DAEFE /* VideoRecorderExample.swift */,
				6BC8B7BA0254177A2E9F18BF /* VideoRecorderHostViewModel.swift */,
				D769D9F2A2706129A88215A7 /* VideoRecorderConfig.swift */,
				CF4452B9BB47F5F5E9D79299 /* VideoRecorder.md */,
			);
			path = VideoRecorder;
			sourceTree = "<group>";
		};
		FDA782EA4D4866F0D76977F8 /* AddressConfirm */ = {
			isa = PBXGroup;
			children = (
				C2EA1D1725FD5B313D46D172 /* AddressConfirmExample.swift */,
				43C6D451596D9BE89754BD76 /* AddressConfirmHostViewModel.swift */,
				F8AB4E3AB9B4946A4E942BCE /* AddressConfirmConfig.swift */,
				0B53FD7244ABB96C21B862A3 /* AddressConfirm.md */,
			);
			path = AddressConfirm;
			sourceTree = "<group>";
		};
/* End PBXGroup section */

/* Begin PBXNativeTarget section */
		483BDB0A28F459CC00635BCC /* IdentifyTR */ = {
			isa = PBXNativeTarget;
			buildConfigurationList = 483BDB1F28F459CC00635BCC /* Build configuration list for PBXNativeTarget "IdentifyTR" */;
			buildPhases = (
				483BDB0728F459CC00635BCC /* Sources */,
				483BDB0828F459CC00635BCC /* Frameworks */,
				483BDB0928F459CC00635BCC /* Resources */,
				8D09EE422FE576700060F313 /* Embed Frameworks */,
			);
			buildRules = (
			);
			dependencies = (
			);
			name = IdentifyTR;
			packageProductDependencies = (
				4857BFF72902D621001FE850 /* OpenSSL */,
				4857BFFA2902D636001FE850 /* Starscream */,
				48AB73FE291A762100F591A4 /* SwiftSignatureView */,
				4880596D291D0EBD0058C7CD /* Toast */,
				48D802282924F6B000B9BB83 /* CHIOTPField */,
				48171404294716830095A64F /* netfox */,
				48F0867729F7CA4E00FCA4BF /* QKMRZScanner */,
				48420BA62A8B61840005250F /* WebRTC */,
				486A111D2B07BED000A34623 /* CameraPermission */,
				486A111F2B07BED000A34623 /* MicrophonePermission */,
				486A11212B07BED000A34623 /* SpeechRecognizerPermission */,
				4831E1F22B69284400B67891 /* IQKeyboardManagerSwift */,
			);
			productName = NewTest;
			productReference = 483BDB0B28F459CC00635BCC /* IdentifyTR.app */;
			productType = "com.apple.product-type.application";
		};
/* End PBXNativeTarget section */

/* Begin PBXProject section */
		483BDB0328F459CC00635BCC /* Project object */ = {
			isa = PBXProject;
			attributes = {
				BuildIndependentTargetsInParallel = 1;
				LastSwiftUpdateCheck = 1400;
				LastUpgradeCheck = 1400;
				TargetAttributes = {
					483BDB0A28F459CC00635BCC = {
						CreatedOnToolsVersion = 14.0;
					};
				};
			};
			buildConfigurationList = 483BDB0628F459CC00635BCC /* Build configuration list for PBXProject "NewTest" */;
			compatibilityVersion = "Xcode 14.0";
			developmentRegion = en;
			hasScannedForEncodings = 0;
			knownRegions = (
				en,
				Base,
				ja,
				de,
				ar,
				"zh-Hans",
				es,
				"es-419",
				it,
				sv,
				cs,
				ko,
				"zh-Hant",
				hu,
				tr,
				pl,
				"pt-BR",
				ru,
				fr,
				nl,
				"pt-PT",
			);
			mainGroup = 483BDB0228F459CC00635BCC;
			packageReferences = (
				4857BFF62902D621001FE850 /* XCRemoteSwiftPackageReference "OpenSSL" */,
				4857BFF92902D636001FE850 /* XCRemoteSwiftPackageReference "Starscream" */,
				48AB73FD291A762100F591A4 /* XCRemoteSwiftPackageReference "SwiftSignatureView" */,
				4880596C291D0EBD0058C7CD /* XCRemoteSwiftPackageReference "Toast" */,
				48D802272924F6B000B9BB83 /* XCRemoteSwiftPackageReference "CHIOTPField" */,
				48171403294716830095A64F /* XCRemoteSwiftPackageReference "netfox" */,
				48F0867629F7CA4E00FCA4BF /* XCRemoteSwiftPackageReference "QKMRZScanner" */,
				48420BA52A8B61840005250F /* XCRemoteSwiftPackageReference "WebRTC" */,
				486A111C2B07BED000A34623 /* XCRemoteSwiftPackageReference "PermissionsKit" */,
				4831E1F12B69284400B67891 /* XCRemoteSwiftPackageReference "IQKeyboardManager" */,
			);
			productRefGroup = 483BDB0C28F459CC00635BCC /* Products */;
			projectDirPath = "";
			projectRoot = "";
			targets = (
				483BDB0A28F459CC00635BCC /* IdentifyTR */,
			);
		};
/* End PBXProject section */

/* Begin PBXResourcesBuildPhase section */
		483BDB0928F459CC00635BCC /* Resources */ = {
			isa = PBXResourcesBuildPhase;
			buildActionMask = 2147483647;
			files = (
				483BDB1B28F459CC00635BCC /* LaunchScreen.storyboard in Resources */,
				480C1E4F2BDB8B8D0076D28B /* PrivacyInfo.xcprivacy in Resources */,
				480961182C64E70C00B9E6D5 /* v2api.identify.com.tr.cer in Resources */,
				483BDB1828F459CC00635BCC /* Assets.xcassets in Resources */,
				36692AAE2F11120500A67DAB /* apiqa.identify.com.tr.cer in Resources */,
			);
			runOnlyForDeploymentPostprocessing = 0;
		};
/* End PBXResourcesBuildPhase section */

/* Begin PBXSourcesBuildPhase section */
		483BDB0728F459CC00635BCC /* Sources */ = {
			isa = PBXSourcesBuildPhase;
			buildActionMask = 2147483647;
			files = (
				8DD4665F2FED275C00710491 /* SDKNetworkLogger.swift in Sources */,
				485C155C2907F3A7007B9ED0 /* SDKBundle+.swift in Sources */,
				8AB276D52F749D9600A764F1 /* LoginView.swift in Sources */,
				DF7BC16A2D4A279600372CAB /* Env.xcdatamodeld in Sources */,
				8AB276BB2F749D5100A764F1 /* LoginViewModel.swift in Sources */,
				483BDB0F28F459CC00635BCC /* AppDelegate.swift in Sources */,
				488B29FB2E05BFDC00D1B6A0 /* Env.xcdatamodeld in Sources */,
				EB423325B7179B3F2299BD64 /* RootView.swift in Sources */,
				20A7BD14F8A4E7E5D199F8EC /* PrepareExample.swift in Sources */,
				9BD45CE3D0D66FF246AFBBF8 /* SelfieExample.swift in Sources */,
				8129E6C8B3CDBC929051CB6F /* IdCardExample.swift in Sources */,
				CA16FF7AA9C5A08D529E418F /* NfcExample.swift in Sources */,
				B6189A4A6FAA4C19F953A76D /* LivenessExample.swift in Sources */,
				34BF094BF844734F730C3288 /* SpeechExample.swift in Sources */,
				73B1B512BC274857621CBFC6 /* AddressConfirmExample.swift in Sources */,
				02B148107BCCF9E21BE92BD6 /* SignatureExample.swift in Sources */,
				4843264BA582756F31BC049B /* VideoRecorderExample.swift in Sources */,
				DC6ED2B24FE3552BD0CD7079 /* CallScreenExample.swift in Sources */,
				603C8C37208CCC7F131712AF /* ThankYouExample.swift in Sources */,
				85F7CAB3920EA35AF9F2E7C3 /* ShowcaseSupport.swift in Sources */,
				C6F2438F86CC1A84EAB1D579 /* ShowcaseCatalog.swift in Sources */,
				F7266D24C6CEF67A2157AC3B /* ShowcaseCatalogView.swift in Sources */,
				648C062BF824A6EFC090BF54 /* ShowcaseDetailView.swift in Sources */,
				8C877716827596EDABDB1A0C /* HostModuleViewModel.swift in Sources */,
				2F5C383CA1B02BFB928D69C8 /* PrepareHostViewModel.swift in Sources */,
				A2C6F79A2026898757BC42B9 /* SelfieHostViewModel.swift in Sources */,
				FC35450F26C18D34AFC45912 /* IdCardHostViewModel.swift in Sources */,
				1685E187F336F62EEB7B324F /* NfcHostViewModel.swift in Sources */,
				98A6E9F76B0CDEF0E6748CF1 /* LivenessHostViewModel.swift in Sources */,
				4EB8F9AEC50F3D16E89F571A /* SpeechHostViewModel.swift in Sources */,
				23F73AE6FBC96F9F3541BBB5 /* AddressConfirmHostViewModel.swift in Sources */,
				6548FCBC17A7349C00F93F23 /* SignatureHostViewModel.swift in Sources */,
				AB88553E8E9E8E75A287A860 /* VideoRecorderHostViewModel.swift in Sources */,
				9DC17DBB0B141C9CE23F7DE5 /* CallScreenHostViewModel.swift in Sources */,
				1B877CE2022409A43968E401 /* ThankYouHostViewModel.swift in Sources */,
				570990F5D08DE691C094A677 /* PrepareConfig.swift in Sources */,
				38089169FAD747CE4C9DA743 /* SelfieConfig.swift in Sources */,
				546367627C2F7E7095D31DAA /* IdCardConfig.swift in Sources */,
				2D1D1B23AA0A86315D1E4A54 /* NfcConfig.swift in Sources */,
				73C80F0F118FA44373E27E74 /* LivenessConfig.swift in Sources */,
				E3CB57B82D689AD96D83A0D7 /* SpeechConfig.swift in Sources */,
				52AE70C807B1DE6C78EF42B1 /* AddressConfirmConfig.swift in Sources */,
				B3F4C30D4C97A3506304946A /* SignatureConfig.swift in Sources */,
				D9FE65E33CB6CBD96419F753 /* VideoRecorderConfig.swift in Sources */,
				BAE98C345A03B5B0EA24AFEB /* CallScreenConfig.swift in Sources */,
				F0B6D74F16CF3A7FF80B6E16 /* ThankYouConfig.swift in Sources */,
				4F4F4786244CE15242F72E20 /* SignLangConfig.swift in Sources */,
				ECE6AC5A133D338A12DFB039 /* SignLangHostViewModel.swift in Sources */,
				17020FCD9FB04315DDCAD701 /* SignLangExample.swift in Sources */,
				0331C07EDA66AB8AA563A80B /* LostConnectionConfig.swift in Sources */,
				EEA18B090A71F8FB5D9B55C1 /* LostConnectionHostViewModel.swift in Sources */,
				CAD702D5CF6607209085D82F /* LostConnectionExample.swift in Sources */,
				A32B80ACE7ACCDAA93A5809C /* ShowcaseDesignSystem.swift in Sources */,
				A1B2C3D4E5F600000000D001 /* SpeechShowcaseView.swift in Sources */,
				20D83C3B6B1BF96AAC231916 /* OvdConfig.swift in Sources */,
				3F3D346B21B00A04573BEFA7 /* OvdHostViewModel.swift in Sources */,
				6EB04625C6C181E062318D3B /* OvdExample.swift in Sources */,
				B96ED9C1AD7CDD03E80D3843 /* SwlConfig.swift in Sources */,
				FB8139CBBFB4B72B3ABDD0C3 /* SwlExample.swift in Sources */,
				CA3775A6AE5A51ABAEA74D34 /* SDKEventRecorder.swift in Sources */,
				94955B41D87342FB90614A15 /* EventJourneyView.swift in Sources */,
				B390BD395DF48592BBEC30F4 /* CrossPlatformIntegrationView.swift in Sources */,
			);
			runOnlyForDeploymentPostprocessing = 0;
		};
/* End PBXSourcesBuildPhase section */

/* Begin PBXVariantGroup section */
		483BDB1928F459CC00635BCC /* LaunchScreen.storyboard */ = {
			isa = PBXVariantGroup;
			children = (
				483BDB1A28F459CC00635BCC /* Base */,
			);
			name = LaunchScreen.storyboard;
			sourceTree = "<group>";
		};
/* End PBXVariantGroup section */

/* Begin XCBuildConfiguration section */
		483BDB1D28F459CC00635BCC /* Debug */ = {
			isa = XCBuildConfiguration;
			buildSettings = {
				ALWAYS_SEARCH_USER_PATHS = NO;
				CLANG_ANALYZER_NONNULL = YES;
				CLANG_ANALYZER_NUMBER_OBJECT_CONVERSION = YES_AGGRESSIVE;
				CLANG_CXX_LANGUAGE_STANDARD = "gnu++20";
				CLANG_ENABLE_MODULES = YES;
				CLANG_ENABLE_OBJC_ARC = YES;
				CLANG_ENABLE_OBJC_WEAK = YES;
				CLANG_WARN_BLOCK_CAPTURE_AUTORELEASING = YES;
				CLANG_WARN_BOOL_CONVERSION = YES;
				CLANG_WARN_COMMA = YES;
				CLANG_WARN_CONSTANT_CONVERSION = YES;
				CLANG_WARN_DEPRECATED_OBJC_IMPLEMENTATIONS = YES;
				CLANG_WARN_DIRECT_OBJC_ISA_USAGE = YES_ERROR;
				CLANG_WARN_DOCUMENTATION_COMMENTS = YES;
				CLANG_WARN_EMPTY_BODY = YES;
				CLANG_WARN_ENUM_CONVERSION = YES;
				CLANG_WARN_INFINITE_RECURSION = YES;
				CLANG_WARN_INT_CONVERSION = YES;
				CLANG_WARN_NON_LITERAL_NULL_CONVERSION = YES;
				CLANG_WARN_OBJC_IMPLICIT_RETAIN_SELF = YES;
				CLANG_WARN_OBJC_LITERAL_CONVERSION = YES;
				CLANG_WARN_OBJC_ROOT_CLASS = YES_ERROR;
				CLANG_WARN_QUOTED_INCLUDE_IN_FRAMEWORK_HEADER = YES;
				CLANG_WARN_RANGE_LOOP_ANALYSIS = YES;
				CLANG_WARN_STRICT_PROTOTYPES = YES;
				CLANG_WARN_SUSPICIOUS_MOVE = YES;
				CLANG_WARN_UNGUARDED_AVAILABILITY = YES_AGGRESSIVE;
				CLANG_WARN_UNREACHABLE_CODE = YES;
				CLANG_WARN__DUPLICATE_METHOD_MATCH = YES;
				COPY_PHASE_STRIP = NO;
				DEBUG_INFORMATION_FORMAT = dwarf;
				ENABLE_STRICT_OBJC_MSGSEND = YES;
				ENABLE_TESTABILITY = YES;
				GCC_C_LANGUAGE_STANDARD = gnu11;
				GCC_DYNAMIC_NO_PIC = NO;
				GCC_NO_COMMON_BLOCKS = YES;
				GCC_OPTIMIZATION_LEVEL = 0;
				GCC_PREPROCESSOR_DEFINITIONS = (
					"DEBUG=1",
					"$(inherited)",
				);
				GCC_WARN_64_TO_32_BIT_CONVERSION = YES;
				GCC_WARN_ABOUT_RETURN_TYPE = YES_ERROR;
				GCC_WARN_UNDECLARED_SELECTOR = YES;
				GCC_WARN_UNINITIALIZED_AUTOS = YES_AGGRESSIVE;
				GCC_WARN_UNUSED_FUNCTION = YES;
				GCC_WARN_UNUSED_VARIABLE = YES;
				IPHONEOS_DEPLOYMENT_TARGET = 14.0;
				MTL_ENABLE_DEBUG_INFO = INCLUDE_SOURCE;
				MTL_FAST_MATH = YES;
				ONLY_ACTIVE_ARCH = YES;
				SDKROOT = iphoneos;
				SWIFT_ACTIVE_COMPILATION_CONDITIONS = DEBUG;
				SWIFT_OPTIMIZATION_LEVEL = "-Onone";
			};
			name = Debug;
		};
		483BDB1E28F459CC00635BCC /* Release */ = {
			isa = XCBuildConfiguration;
			buildSettings = {
				ALWAYS_SEARCH_USER_PATHS = NO;
				CLANG_ANALYZER_NONNULL = YES;
				CLANG_ANALYZER_NUMBER_OBJECT_CONVERSION = YES_AGGRESSIVE;
				CLANG_CXX_LANGUAGE_STANDARD = "gnu++20";
				CLANG_ENABLE_MODULES = YES;
				CLANG_ENABLE_OBJC_ARC = YES;
				CLANG_ENABLE_OBJC_WEAK = YES;
				CLANG_WARN_BLOCK_CAPTURE_AUTORELEASING = YES;
				CLANG_WARN_BOOL_CONVERSION = YES;
				CLANG_WARN_COMMA = YES;
				CLANG_WARN_CONSTANT_CONVERSION = YES;
				CLANG_WARN_DEPRECATED_OBJC_IMPLEMENTATIONS = YES;
				CLANG_WARN_DIRECT_OBJC_ISA_USAGE = YES_ERROR;
				CLANG_WARN_DOCUMENTATION_COMMENTS = YES;
				CLANG_WARN_EMPTY_BODY = YES;
				CLANG_WARN_ENUM_CONVERSION = YES;
				CLANG_WARN_INFINITE_RECURSION = YES;
				CLANG_WARN_INT_CONVERSION = YES;
				CLANG_WARN_NON_LITERAL_NULL_CONVERSION = YES;
				CLANG_WARN_OBJC_IMPLICIT_RETAIN_SELF = YES;
				CLANG_WARN_OBJC_LITERAL_CONVERSION = YES;
				CLANG_WARN_OBJC_ROOT_CLASS = YES_ERROR;
				CLANG_WARN_QUOTED_INCLUDE_IN_FRAMEWORK_HEADER = YES;
				CLANG_WARN_RANGE_LOOP_ANALYSIS = YES;
				CLANG_WARN_STRICT_PROTOTYPES = YES;
				CLANG_WARN_SUSPICIOUS_MOVE = YES;
				CLANG_WARN_UNGUARDED_AVAILABILITY = YES_AGGRESSIVE;
				CLANG_WARN_UNREACHABLE_CODE = YES;
				CLANG_WARN__DUPLICATE_METHOD_MATCH = YES;
				COPY_PHASE_STRIP = NO;
				DEBUG_INFORMATION_FORMAT = "dwarf-with-dsym";
				ENABLE_NS_ASSERTIONS = NO;
				ENABLE_STRICT_OBJC_MSGSEND = YES;
				GCC_C_LANGUAGE_STANDARD = gnu11;
				GCC_NO_COMMON_BLOCKS = YES;
				GCC_WARN_64_TO_32_BIT_CONVERSION = YES;
				GCC_WARN_ABOUT_RETURN_TYPE = YES_ERROR;
				GCC_WARN_UNDECLARED_SELECTOR = YES;
				GCC_WARN_UNINITIALIZED_AUTOS = YES_AGGRESSIVE;
				GCC_WARN_UNUSED_FUNCTION = YES;
				GCC_WARN_UNUSED_VARIABLE = YES;
				IPHONEOS_DEPLOYMENT_TARGET = 14.0;
				MTL_ENABLE_DEBUG_INFO = NO;
				MTL_FAST_MATH = YES;
				SDKROOT = iphoneos;
				SWIFT_COMPILATION_MODE = wholemodule;
				SWIFT_OPTIMIZATION_LEVEL = "-O";
				VALIDATE_PRODUCT = YES;
			};
			name = Release;
		};
		483BDB2028F459CC00635BCC /* Debug */ = {
			isa = XCBuildConfiguration;
			buildSettings = {
				ASSETCATALOG_COMPILER_APPICON_NAME = AppIcon;
				ASSETCATALOG_COMPILER_GLOBAL_ACCENT_COLOR_NAME = AccentColor;
				ASSETCATALOG_COMPILER_INCLUDE_ALL_APPICON_ASSETS = YES;
				CODE_SIGN_ENTITLEMENTS = NewTest/SupportingFiles/NewTest.entitlements;
				CODE_SIGN_STYLE = Automatic;
				CURRENT_PROJECT_VERSION = 6;
				DEVELOPMENT_TEAM = 9D3UPKQ9AL;
				FRAMEWORK_SEARCH_PATHS = (
					"$(inherited)",
					"$(PROJECT_DIR)/NewTest",
				);
				GENERATE_INFOPLIST_FILE = YES;
				INFOPLIST_FILE = NewTest/SupportingFiles/Info.plist;
				INFOPLIST_KEY_CFBundleDisplayName = "Identify v3";
				INFOPLIST_KEY_ITSAppUsesNonExemptEncryption = NO;
				INFOPLIST_KEY_LSApplicationCategoryType = "public.app-category.finance";
				INFOPLIST_KEY_NFCReaderUsageDescription = "NFC Kullanım izni";
				INFOPLIST_KEY_NSCameraUsageDescription = "Görüntülü görüşme yapmak ve diğer modülleri kullanabilmek için izniniz gerekmektedir";
				INFOPLIST_KEY_NSMicrophoneUsageDescription = "Kısa video çekimi için mikrofon izni gerekmektedir";
				INFOPLIST_KEY_NSSpeechRecognitionUsageDescription = "Konuşma testi modülünü kullanabilmeniz için izniniz gerekmektedir";
				INFOPLIST_KEY_UIApplicationSupportsIndirectInputEvents = YES;
				INFOPLIST_KEY_UILaunchStoryboardName = LaunchScreen.storyboard;
				INFOPLIST_KEY_UISupportedInterfaceOrientations = UIInterfaceOrientationPortrait;
				IPHONEOS_DEPLOYMENT_TARGET = 15.0;
				LD_RUNPATH_SEARCH_PATHS = (
					"$(inherited)",
					"@executable_path/Frameworks",
				);
				MARKETING_VERSION = 3.0;
				PRODUCT_BUNDLE_IDENTIFIER = com.identifytr.ios.v3;
				PRODUCT_NAME = "$(TARGET_NAME)";
				SUPPORTED_PLATFORMS = "iphoneos iphonesimulator";
				SUPPORTS_MACCATALYST = NO;
				SUPPORTS_MAC_DESIGNED_FOR_IPHONE_IPAD = NO;
				SUPPORTS_XR_DESIGNED_FOR_IPHONE_IPAD = NO;
				SWIFT_EMIT_LOC_STRINGS = YES;
				SWIFT_VERSION = 5.0;
				TARGETED_DEVICE_FAMILY = 1;
			};
			name = Debug;
		};
		483BDB2128F459CC00635BCC /* Release */ = {
			isa = XCBuildConfiguration;
			buildSettings = {
				ASSETCATALOG_COMPILER_APPICON_NAME = AppIcon;
				ASSETCATALOG_COMPILER_GLOBAL_ACCENT_COLOR_NAME = AccentColor;
				ASSETCATALOG_COMPILER_INCLUDE_ALL_APPICON_ASSETS = YES;
				CODE_SIGN_ENTITLEMENTS = NewTest/SupportingFiles/NewTest.entitlements;
				CODE_SIGN_STYLE = Automatic;
				CURRENT_PROJECT_VERSION = 6;
				DEVELOPMENT_TEAM = 9D3UPKQ9AL;
				FRAMEWORK_SEARCH_PATHS = (
					"$(inherited)",
					"$(PROJECT_DIR)/NewTest",
				);
				GENERATE_INFOPLIST_FILE = YES;
				INFOPLIST_FILE = NewTest/SupportingFiles/Info.plist;
				INFOPLIST_KEY_CFBundleDisplayName = "Identify v3";
				INFOPLIST_KEY_ITSAppUsesNonExemptEncryption = NO;
				INFOPLIST_KEY_LSApplicationCategoryType = "public.app-category.finance";
				INFOPLIST_KEY_NFCReaderUsageDescription = "NFC Kullanım izni";
				INFOPLIST_KEY_NSCameraUsageDescription = "Görüntülü görüşme yapmak ve diğer modülleri kullanabilmek için izniniz gerekmektedir";
				INFOPLIST_KEY_NSMicrophoneUsageDescription = "Kısa video çekimi için mikrofon izni gerekmektedir";
				INFOPLIST_KEY_NSSpeechRecognitionUsageDescription = "Konuşma testi modülünü kullanabilmeniz için izniniz gerekmektedir";
				INFOPLIST_KEY_UIApplicationSupportsIndirectInputEvents = YES;
				INFOPLIST_KEY_UILaunchStoryboardName = LaunchScreen.storyboard;
				INFOPLIST_KEY_UISupportedInterfaceOrientations = UIInterfaceOrientationPortrait;
				IPHONEOS_DEPLOYMENT_TARGET = 15.0;
				LD_RUNPATH_SEARCH_PATHS = (
					"$(inherited)",
					"@executable_path/Frameworks",
				);
				MARKETING_VERSION = 3.0;
				PRODUCT_BUNDLE_IDENTIFIER = com.identifytr.ios.v3;
				PRODUCT_NAME = "$(TARGET_NAME)";
				SUPPORTED_PLATFORMS = "iphoneos iphonesimulator";
				SUPPORTS_MACCATALYST = NO;
				SUPPORTS_MAC_DESIGNED_FOR_IPHONE_IPAD = NO;
				SUPPORTS_XR_DESIGNED_FOR_IPHONE_IPAD = NO;
				SWIFT_EMIT_LOC_STRINGS = YES;
				SWIFT_VERSION = 5.0;
				TARGETED_DEVICE_FAMILY = 1;
			};
			name = Release;
		};
/* End XCBuildConfiguration section */

/* Begin XCConfigurationList section */
		483BDB0628F459CC00635BCC /* Build configuration list for PBXProject "NewTest" */ = {
			isa = XCConfigurationList;
			buildConfigurations = (
				483BDB1D28F459CC00635BCC /* Debug */,
				483BDB1E28F459CC00635BCC /* Release */,
			);
			defaultConfigurationIsVisible = 0;
			defaultConfigurationName = Release;
		};
		483BDB1F28F459CC00635BCC /* Build configuration list for PBXNativeTarget "IdentifyTR" */ = {
			isa = XCConfigurationList;
			buildConfigurations = (
				483BDB2028F459CC00635BCC /* Debug */,
				483BDB2128F459CC00635BCC /* Release */,
			);
			defaultConfigurationIsVisible = 0;
			defaultConfigurationName = Release;
		};
/* End XCConfigurationList section */

/* Begin XCRemoteSwiftPackageReference section */
		48171403294716830095A64F /* XCRemoteSwiftPackageReference "netfox" */ = {
			isa = XCRemoteSwiftPackageReference;
			repositoryURL = "https://github.com/kasketis/netfox";
			requirement = {
				kind = upToNextMajorVersion;
				minimumVersion = 1.0.0;
			};
		};
		4831E1F12B69284400B67891 /* XCRemoteSwiftPackageReference "IQKeyboardManager" */ = {
			isa = XCRemoteSwiftPackageReference;
			repositoryURL = "https://github.com/hackiftekhar/IQKeyboardManager.git";
			requirement = {
				kind = upToNextMajorVersion;
				minimumVersion = 7.0.1;
			};
		};
		48420BA52A8B61840005250F /* XCRemoteSwiftPackageReference "WebRTC" */ = {
			isa = XCRemoteSwiftPackageReference;
			repositoryURL = "https://github.com/stasel/WebRTC.git";
			requirement = {
				kind = exactVersion;
				version = 94.0.0;
			};
		};
		4857BFF62902D621001FE850 /* XCRemoteSwiftPackageReference "OpenSSL" */ = {
			isa = XCRemoteSwiftPackageReference;
			repositoryURL = "https://github.com/krzyzanowskim/OpenSSL.git";
			requirement = {
				kind = upToNextMinorVersion;
				minimumVersion = 1.1.1700;
			};
		};
		4857BFF92902D636001FE850 /* XCRemoteSwiftPackageReference "Starscream" */ = {
			isa = XCRemoteSwiftPackageReference;
			repositoryURL = "https://github.com/daltoniam/Starscream.git";
			requirement = {
				kind = exactVersion;
				version = 3.1.1;
			};
		};
		486A111C2B07BED000A34623 /* XCRemoteSwiftPackageReference "PermissionsKit" */ = {
			isa = XCRemoteSwiftPackageReference;
			repositoryURL = "https://github.com/sparrowcode/PermissionsKit";
			requirement = {
				kind = upToNextMajorVersion;
				minimumVersion = 10.0.1;
			};
		};
		4880596C291D0EBD0058C7CD /* XCRemoteSwiftPackageReference "Toast" */ = {
			isa = XCRemoteSwiftPackageReference;
			repositoryURL = "https://github.com/hengyu/Toast.git";
			requirement = {
				kind = upToNextMajorVersion;
				minimumVersion = 1.0.0;
			};
		};
		48AB73FD291A762100F591A4 /* XCRemoteSwiftPackageReference "SwiftSignatureView" */ = {
			isa = XCRemoteSwiftPackageReference;
			repositoryURL = "https://github.com/alankarmisra/SwiftSignatureView.git";
			requirement = {
				kind = upToNextMajorVersion;
				minimumVersion = 3.0.0;
			};
		};
		48D802272924F6B000B9BB83 /* XCRemoteSwiftPackageReference "CHIOTPField" */ = {
			isa = XCRemoteSwiftPackageReference;
			repositoryURL = "https://github.com/ChiliLabs/CHIOTPField.git";
			requirement = {
				kind = upToNextMajorVersion;
				minimumVersion = 0.1.0;
			};
		};
		48F0867629F7CA4E00FCA4BF /* XCRemoteSwiftPackageReference "QKMRZScanner" */ = {
			isa = XCRemoteSwiftPackageReference;
			repositoryURL = "https://github.com/Mattijah/QKMRZScanner.git";
			requirement = {
				branch = "master-spm";
				kind = branch;
			};
		};
/* End XCRemoteSwiftPackageReference section */

/* Begin XCSwiftPackageProductDependency section */
		48171404294716830095A64F /* netfox */ = {
			isa = XCSwiftPackageProductDependency;
			package = 48171403294716830095A64F /* XCRemoteSwiftPackageReference "netfox" */;
			productName = netfox;
		};
		4831E1F22B69284400B67891 /* IQKeyboardManagerSwift */ = {
			isa = XCSwiftPackageProductDependency;
			package = 4831E1F12B69284400B67891 /* XCRemoteSwiftPackageReference "IQKeyboardManager" */;
			productName = IQKeyboardManagerSwift;
		};
		48420BA62A8B61840005250F /* WebRTC */ = {
			isa = XCSwiftPackageProductDependency;
			package = 48420BA52A8B61840005250F /* XCRemoteSwiftPackageReference "WebRTC" */;
			productName = WebRTC;
		};
		4857BFF72902D621001FE850 /* OpenSSL */ = {
			isa = XCSwiftPackageProductDependency;
			package = 4857BFF62902D621001FE850 /* XCRemoteSwiftPackageReference "OpenSSL" */;
			productName = OpenSSL;
		};
		4857BFFA2902D636001FE850 /* Starscream */ = {
			isa = XCSwiftPackageProductDependency;
			package = 4857BFF92902D636001FE850 /* XCRemoteSwiftPackageReference "Starscream" */;
			productName = Starscream;
		};
		486A111D2B07BED000A34623 /* CameraPermission */ = {
			isa = XCSwiftPackageProductDependency;
			package = 486A111C2B07BED000A34623 /* XCRemoteSwiftPackageReference "PermissionsKit" */;
			productName = CameraPermission;
		};
		486A111F2B07BED000A34623 /* MicrophonePermission */ = {
			isa = XCSwiftPackageProductDependency;
			package = 486A111C2B07BED000A34623 /* XCRemoteSwiftPackageReference "PermissionsKit" */;
			productName = MicrophonePermission;
		};
		486A11212B07BED000A34623 /* SpeechRecognizerPermission */ = {
			isa = XCSwiftPackageProductDependency;
			package = 486A111C2B07BED000A34623 /* XCRemoteSwiftPackageReference "PermissionsKit" */;
			productName = SpeechRecognizerPermission;
		};
		4880596D291D0EBD0058C7CD /* Toast */ = {
			isa = XCSwiftPackageProductDependency;
			package = 4880596C291D0EBD0058C7CD /* XCRemoteSwiftPackageReference "Toast" */;
			productName = Toast;
		};
		48AB73FE291A762100F591A4 /* SwiftSignatureView */ = {
			isa = XCSwiftPackageProductDependency;
			package = 48AB73FD291A762100F591A4 /* XCRemoteSwiftPackageReference "SwiftSignatureView" */;
			productName = SwiftSignatureView;
		};
		48D802282924F6B000B9BB83 /* CHIOTPField */ = {
			isa = XCSwiftPackageProductDependency;
			package = 48D802272924F6B000B9BB83 /* XCRemoteSwiftPackageReference "CHIOTPField" */;
			productName = CHIOTPField;
		};
		48F0867729F7CA4E00FCA4BF /* QKMRZScanner */ = {
			isa = XCSwiftPackageProductDependency;
			package = 48F0867629F7CA4E00FCA4BF /* XCRemoteSwiftPackageReference "QKMRZScanner" */;
			productName = QKMRZScanner;
		};
/* End XCSwiftPackageProductDependency section */

/* Begin XCVersionGroup section */
		488B29F92E05BFDC00D1B6A0 /* Env.xcdatamodeld */ = {
			isa = XCVersionGroup;
			children = (
				488B29FA2E05BFDC00D1B6A0 /* Env.xcdatamodel */,
			);
			currentVersion = 488B29FA2E05BFDC00D1B6A0 /* Env.xcdatamodel */;
			path = Env.xcdatamodeld;
			sourceTree = "<group>";
			versionGroupType = wrapper.xcdatamodel;
		};
		DF7BC1682D4A279600372CAB /* Env.xcdatamodeld */ = {
			isa = XCVersionGroup;
			children = (
				DF7BC1692D4A279600372CAB /* Env.xcdatamodel */,
			);
			currentVersion = DF7BC1692D4A279600372CAB /* Env.xcdatamodel */;
			path = Env.xcdatamodeld;
			sourceTree = "<group>";
			versionGroupType = wrapper.xcdatamodel;
		};
/* End XCVersionGroup section */
	};
	rootObject = 483BDB0328F459CC00635BCC /* Project object */;
}
