// !$*UTF8*$!
{
	archiveVersion = 1;
	classes = {
	};
	objectVersion = 56;
	objects = {

/* Begin PBXBuildFile section */
		36692AAE2F11120500A67DAB /* apiqa.identify.com.tr.cer in Resources */ = {isa = PBXBuildFile; fileRef = 36692AAD2F11120500A67DAB /* apiqa.identify.com.tr.cer */; };
		36BF33502E572348007F92CE /* SDKReachabilityHelper.swift in Sources */ = {isa = PBXBuildFile; fileRef = 36BF334F2E572348007F92CE /* SDKReachabilityHelper.swift */; };
		36E1B3BF2EAA42FB004F791C /* SDKOVDViewController.swift in Sources */ = {isa = PBXBuildFile; fileRef = 36E1B3BE2EAA42FB004F791C /* SDKOVDViewController.swift */; };
		480961182C64E70C00B9E6D5 /* v2api.identify.com.tr.cer in Resources */ = {isa = PBXBuildFile; fileRef = 48BFF0D02BBAF3940088D67E /* v2api.identify.com.tr.cer */; };
		480C1E4F2BDB8B8D0076D28B /* PrivacyInfo.xcprivacy in Resources */ = {isa = PBXBuildFile; fileRef = 480C1E4E2BDB8B8D0076D28B /* PrivacyInfo.xcprivacy */; };
		480E76A9297A868E0071B049 /* GERMAN.json in Resources */ = {isa = PBXBuildFile; fileRef = 48CD8D0429792E26008573F8 /* GERMAN.json */; };
		480E76AA297A868E0071B049 /* ENGLISH.json in Resources */ = {isa = PBXBuildFile; fileRef = 48CD8D0229792E25008573F8 /* ENGLISH.json */; };
		480E76AB297A868E0071B049 /* TURKISH.json in Resources */ = {isa = PBXBuildFile; fileRef = 48CD8D0329792E26008573F8 /* TURKISH.json */; };
		481065992922646600053004 /* SDKLivenessViewController.swift in Sources */ = {isa = PBXBuildFile; fileRef = 481065972922646600053004 /* SDKLivenessViewController.swift */; };
		4813037E29221E1300E66D73 /* SDKVideoRecorderViewController.swift in Sources */ = {isa = PBXBuildFile; fileRef = 4813037C29221E1300E66D73 /* SDKVideoRecorderViewController.swift */; };
		48171405294716830095A64F /* netfox in Frameworks */ = {isa = PBXBuildFile; productRef = 48171404294716830095A64F /* netfox */; settings = {ATTRIBUTES = (Required, ); }; };
		48171422294734FA0095A64F /* SDKPassportReaderViewController.swift in Sources */ = {isa = PBXBuildFile; fileRef = 48171420294734FA0095A64F /* SDKPassportReaderViewController.swift */; };
		4820A4A22924CDAD004DB388 /* sample.mp4 in Resources */ = {isa = PBXBuildFile; fileRef = 4820A4A12924CDAC004DB388 /* sample.mp4 */; };
		4825316C2B02632900B0472C /* SDKPrepareViewController.swift in Sources */ = {isa = PBXBuildFile; fileRef = 4825316A2B02632900B0472C /* SDKPrepareViewController.swift */; };
		48263C10292789C7005200A1 /* SDKThankYouViewController.swift in Sources */ = {isa = PBXBuildFile; fileRef = 48263C0E292789C7005200A1 /* SDKThankYouViewController.swift */; };
		4831E1F32B69284400B67891 /* IQKeyboardManagerSwift in Frameworks */ = {isa = PBXBuildFile; productRef = 4831E1F22B69284400B67891 /* IQKeyboardManagerSwift */; };
		483BDB0F28F459CC00635BCC /* AppDelegate.swift in Sources */ = {isa = PBXBuildFile; fileRef = 483BDB0E28F459CC00635BCC /* AppDelegate.swift */; };
		483BDB1828F459CC00635BCC /* Assets.xcassets in Resources */ = {isa = PBXBuildFile; fileRef = 483BDB1728F459CC00635BCC /* Assets.xcassets */; };
		483BDB1B28F459CC00635BCC /* LaunchScreen.storyboard in Resources */ = {isa = PBXBuildFile; fileRef = 483BDB1928F459CC00635BCC /* LaunchScreen.storyboard */; };
		48420BA72A8B61840005250F /* WebRTC in Frameworks */ = {isa = PBXBuildFile; productRef = 48420BA62A8B61840005250F /* WebRTC */; };
		4857BFF82902D621001FE850 /* OpenSSL in Frameworks */ = {isa = PBXBuildFile; productRef = 4857BFF72902D621001FE850 /* OpenSSL */; settings = {ATTRIBUTES = (Required, ); }; };
		4857BFFB2902D636001FE850 /* Starscream in Frameworks */ = {isa = PBXBuildFile; productRef = 4857BFFA2902D636001FE850 /* Starscream */; settings = {ATTRIBUTES = (Required, ); }; };
		485C15322907D2E8007B9ED0 /* SDKLoginViewController.swift in Sources */ = {isa = PBXBuildFile; fileRef = 485C15302907D2E8007B9ED0 /* SDKLoginViewController.swift */; };
		485C15392907D3CF007B9ED0 /* SDKViewOptionsController.swift in Sources */ = {isa = PBXBuildFile; fileRef = 485C15382907D3CF007B9ED0 /* SDKViewOptionsController.swift */; };
		485C154E2907DC19007B9ED0 /* SDKSelfieViewController.swift in Sources */ = {isa = PBXBuildFile; fileRef = 485C154C2907DC19007B9ED0 /* SDKSelfieViewController.swift */; };
		485C155A2907F3A7007B9ED0 /* SDKUITableViewCell+.swift in Sources */ = {isa = PBXBuildFile; fileRef = 485C15512907F3A7007B9ED0 /* SDKUITableViewCell+.swift */; };
		485C155B2907F3A7007B9ED0 /* SDKUIApplication+.swift in Sources */ = {isa = PBXBuildFile; fileRef = 485C15522907F3A7007B9ED0 /* SDKUIApplication+.swift */; };
		485C155C2907F3A7007B9ED0 /* SDKBundle+.swift in Sources */ = {isa = PBXBuildFile; fileRef = 485C15532907F3A7007B9ED0 /* SDKBundle+.swift */; };
		485C155D2907F3A7007B9ED0 /* SDKUIImageView+.swift in Sources */ = {isa = PBXBuildFile; fileRef = 485C15542907F3A7007B9ED0 /* SDKUIImageView+.swift */; };
		485C155E2907F3A7007B9ED0 /* SDKUIStackView+.swift in Sources */ = {isa = PBXBuildFile; fileRef = 485C15552907F3A7007B9ED0 /* SDKUIStackView+.swift */; };
		485C155F2907F3A7007B9ED0 /* SDKString+.swift in Sources */ = {isa = PBXBuildFile; fileRef = 485C15562907F3A7007B9ED0 /* SDKString+.swift */; };
		485C15602907F3A7007B9ED0 /* SDKUIImage+.swift in Sources */ = {isa = PBXBuildFile; fileRef = 485C15572907F3A7007B9ED0 /* SDKUIImage+.swift */; };
		485C15612907F3A7007B9ED0 /* SDKUIView+.swift in Sources */ = {isa = PBXBuildFile; fileRef = 485C15582907F3A7007B9ED0 /* SDKUIView+.swift */; };
		485C15622907F3A7007B9ED0 /* SDKCgRect+.swift in Sources */ = {isa = PBXBuildFile; fileRef = 485C15592907F3A7007B9ED0 /* SDKCgRect+.swift */; };
		485C15642907F3FA007B9ED0 /* Colors.xcassets in Resources */ = {isa = PBXBuildFile; fileRef = 485C15632907F3FA007B9ED0 /* Colors.xcassets */; };
		485C15682907FC69007B9ED0 /* SDKCardReaderViewController.swift in Sources */ = {isa = PBXBuildFile; fileRef = 485C15662907FC69007B9ED0 /* SDKCardReaderViewController.swift */; };
		485C157C2908190D007B9ED0 /* SDKNfcViewController.swift in Sources */ = {isa = PBXBuildFile; fileRef = 485C157A2908190D007B9ED0 /* SDKNfcViewController.swift */; };
		486A111E2B07BED000A34623 /* CameraPermission in Frameworks */ = {isa = PBXBuildFile; productRef = 486A111D2B07BED000A34623 /* CameraPermission */; };
		486A11202B07BED000A34623 /* MicrophonePermission in Frameworks */ = {isa = PBXBuildFile; productRef = 486A111F2B07BED000A34623 /* MicrophonePermission */; };
		486A11222B07BED000A34623 /* SpeechRecognizerPermission in Frameworks */ = {isa = PBXBuildFile; productRef = 486A11212B07BED000A34623 /* SpeechRecognizerPermission */; };
		487D31AB2BEB913400305684 /* AZERI.json in Resources */ = {isa = PBXBuildFile; fileRef = 487D31A92BEB913400305684 /* AZERI.json */; };
		487D31AC2BEB913400305684 /* RUSSIAN.json in Resources */ = {isa = PBXBuildFile; fileRef = 487D31AA2BEB913400305684 /* RUSSIAN.json */; };
		4880596E291D0EBD0058C7CD /* Toast in Frameworks */ = {isa = PBXBuildFile; productRef = 4880596D291D0EBD0058C7CD /* Toast */; settings = {ATTRIBUTES = (Required, ); }; };
		4881A7FF29238CB400EB4072 /* SDKAddressConfirmViewController.swift in Sources */ = {isa = PBXBuildFile; fileRef = 4881A7FD29238CB400EB4072 /* SDKAddressConfirmViewController.swift */; };
		4881A80B2923BEF400EB4072 /* SDKCallScreenViewController.swift in Sources */ = {isa = PBXBuildFile; fileRef = 4881A8092923BEF400EB4072 /* SDKCallScreenViewController.swift */; };
		4881A8102923BF0000EB4072 /* SDKRingViewController.swift in Sources */ = {isa = PBXBuildFile; fileRef = 4881A80E2923BF0000EB4072 /* SDKRingViewController.swift */; };
		4887009A292CDA3500961218 /* SDKListenSocketViewController.swift in Sources */ = {isa = PBXBuildFile; fileRef = 48870098292CDA3500961218 /* SDKListenSocketViewController.swift */; };
		488B29FB2E05BFDC00D1B6A0 /* Env.xcdatamodeld in Sources */ = {isa = PBXBuildFile; fileRef = 488B29F92E05BFDC00D1B6A0 /* Env.xcdatamodeld */; };
		48A151EB292B73BA005B376B /* SDKSignLangViewController.swift in Sources */ = {isa = PBXBuildFile; fileRef = 48A151E9292B73BA005B376B /* SDKSignLangViewController.swift */; };
		48AB73FB291A75E200F591A4 /* SDKSignatureViewController.swift in Sources */ = {isa = PBXBuildFile; fileRef = 48AB73F9291A75E200F591A4 /* SDKSignatureViewController.swift */; };
		48AB73FF291A762100F591A4 /* SwiftSignatureView in Frameworks */ = {isa = PBXBuildFile; productRef = 48AB73FE291A762100F591A4 /* SwiftSignatureView */; settings = {ATTRIBUTES = (Required, ); }; };
		48BFE3CB2AEA994200980684 /* ExternalViewController.swift in Sources */ = {isa = PBXBuildFile; fileRef = 4887EEED2A6E99B600D51461 /* ExternalViewController.swift */; };
		48C0381A2B5542F500AF690B /* CallStatusEnum.swift in Sources */ = {isa = PBXBuildFile; fileRef = 48C038192B5542F500AF690B /* CallStatusEnum.swift */; };
		48CD8CFF29792C8F008573F8 /* SDKIdentifyColorTheme.swift in Sources */ = {isa = PBXBuildFile; fileRef = 48CD8CFE29792C8F008573F8 /* SDKIdentifyColorTheme.swift */; };
		48CD8D0129792D5A008573F8 /* SDKLangManager.swift in Sources */ = {isa = PBXBuildFile; fileRef = 48CD8D0029792D5A008573F8 /* SDKLangManager.swift */; };
		48D802292924F6B000B9BB83 /* CHIOTPField in Frameworks */ = {isa = PBXBuildFile; productRef = 48D802282924F6B000B9BB83 /* CHIOTPField */; settings = {ATTRIBUTES = (Required, ); }; };
		48DD2F2D2B8DD57D0091FCCE /* SDKNewLivenessViewController.swift in Sources */ = {isa = PBXBuildFile; fileRef = 48DD2F2B2B8DD57D0091FCCE /* SDKNewLivenessViewController.swift */; };
		48DE147B290A6C1900057EAD /* SDKColorManager.swift in Sources */ = {isa = PBXBuildFile; fileRef = 48DE147A290A6C1900057EAD /* SDKColorManager.swift */; };
		48DE147D290A6C3E00057EAD /* SDKButtonExtension.swift in Sources */ = {isa = PBXBuildFile; fileRef = 48DE147C290A6C3E00057EAD /* SDKButtonExtension.swift */; };
		48DE1485290A7D3A00057EAD /* UIViewController+.swift in Sources */ = {isa = PBXBuildFile; fileRef = 48DE1484290A7D3A00057EAD /* UIViewController+.swift */; };
		48E8E43129266B8A0045C3F8 /* SDKSpeechRecViewController.swift in Sources */ = {isa = PBXBuildFile; fileRef = 48E8E42F29266B8A0045C3F8 /* SDKSpeechRecViewController.swift */; };
		48F0867829F7CA4E00FCA4BF /* QKMRZScanner in Frameworks */ = {isa = PBXBuildFile; productRef = 48F0867729F7CA4E00FCA4BF /* QKMRZScanner */; };
		8AB276B52F749CE100A764F1 /* BaseModuleViewModel.swift in Sources */ = {isa = PBXBuildFile; fileRef = 8AB276B42F749CE100A764F1 /* BaseModuleViewModel.swift */; };
		8AB276B72F749CEF00A764F1 /* SDKModuleHostView.swift in Sources */ = {isa = PBXBuildFile; fileRef = 8AB276B62F749CEF00A764F1 /* SDKModuleHostView.swift */; };
		8AB276B92F749D1900A764F1 /* AppStateViewModel.swift in Sources */ = {isa = PBXBuildFile; fileRef = 8AB276B82F749D1900A764F1 /* AppStateViewModel.swift */; };
		8AB276BB2F749D5100A764F1 /* LoginViewModel.swift in Sources */ = {isa = PBXBuildFile; fileRef = 8AB276BA2F749D5100A764F1 /* LoginViewModel.swift */; };
		8AB276BD2F749D5100A764F1 /* PrepareViewModel.swift in Sources */ = {isa = PBXBuildFile; fileRef = 8AB276BC2F749D5100A764F1 /* PrepareViewModel.swift */; };
		8AB276BF2F749D5100A764F1 /* IdCardViewModel.swift in Sources */ = {isa = PBXBuildFile; fileRef = 8AB276BE2F749D5100A764F1 /* IdCardViewModel.swift */; };
		8AB276C12F749D5200A764F1 /* OVDViewModel.swift in Sources */ = {isa = PBXBuildFile; fileRef = 8AB276C02F749D5200A764F1 /* OVDViewModel.swift */; };
		8AB276C32F749D5200A764F1 /* NFCViewModel.swift in Sources */ = {isa = PBXBuildFile; fileRef = 8AB276C22F749D5200A764F1 /* NFCViewModel.swift */; };
		8AB276C52F749D5200A764F1 /* LivenessViewModel.swift in Sources */ = {isa = PBXBuildFile; fileRef = 8AB276C42F749D5200A764F1 /* LivenessViewModel.swift */; };
		8AB276C72F749D5300A764F1 /* SelfieViewModel.swift in Sources */ = {isa = PBXBuildFile; fileRef = 8AB276C62F749D5300A764F1 /* SelfieViewModel.swift */; };
		8AB276C92F749D5300A764F1 /* SignatureViewModel.swift in Sources */ = {isa = PBXBuildFile; fileRef = 8AB276C82F749D5300A764F1 /* SignatureViewModel.swift */; };
		8AB276CB2F749D5500A764F1 /* VideoRecorderViewModel.swift in Sources */ = {isa = PBXBuildFile; fileRef = 8AB276CA2F749D5500A764F1 /* VideoRecorderViewModel.swift */; };
		8AB276CD2F749D5600A764F1 /* SpeechRecViewModel.swift in Sources */ = {isa = PBXBuildFile; fileRef = 8AB276CC2F749D5600A764F1 /* SpeechRecViewModel.swift */; };
		8AB276CF2F749D5800A764F1 /* AddressConfirmViewModel.swift in Sources */ = {isa = PBXBuildFile; fileRef = 8AB276CE2F749D5800A764F1 /* AddressConfirmViewModel.swift */; };
		8AB276D12F749D5900A764F1 /* CallScreenViewModel.swift in Sources */ = {isa = PBXBuildFile; fileRef = 8AB276D02F749D5900A764F1 /* CallScreenViewModel.swift */; };
		8AB276D32F749D5A00A764F1 /* ThankYouViewModel.swift in Sources */ = {isa = PBXBuildFile; fileRef = 8AB276D22F749D5A00A764F1 /* ThankYouViewModel.swift */; };
		8AB276D52F749D9600A764F1 /* LoginView.swift in Sources */ = {isa = PBXBuildFile; fileRef = 8AB276D42F749D9600A764F1 /* LoginView.swift */; };
		8AB276D72F749D9700A764F1 /* PrepareView.swift in Sources */ = {isa = PBXBuildFile; fileRef = 8AB276D62F749D9700A764F1 /* PrepareView.swift */; };
		8AB276D92F749D9900A764F1 /* IdCardView.swift in Sources */ = {isa = PBXBuildFile; fileRef = 8AB276D82F749D9900A764F1 /* IdCardView.swift */; };
		8AB276DB2F749D9900A764F1 /* OVDView.swift in Sources */ = {isa = PBXBuildFile; fileRef = 8AB276DA2F749D9900A764F1 /* OVDView.swift */; };
		8AB276DD2F749D9B00A764F1 /* NFCView.swift in Sources */ = {isa = PBXBuildFile; fileRef = 8AB276DC2F749D9B00A764F1 /* NFCView.swift */; };
		8AB276DF2F749D9C00A764F1 /* LivenessView.swift in Sources */ = {isa = PBXBuildFile; fileRef = 8AB276DE2F749D9C00A764F1 /* LivenessView.swift */; };
		8AB276E12F749D9D00A764F1 /* SelfieView.swift in Sources */ = {isa = PBXBuildFile; fileRef = 8AB276E02F749D9D00A764F1 /* SelfieView.swift */; };
		8AB276E32F749D9E00A764F1 /* SignatureView.swift in Sources */ = {isa = PBXBuildFile; fileRef = 8AB276E22F749D9E00A764F1 /* SignatureView.swift */; };
		8AB276E52F749DA000A764F1 /* VideoRecorderView.swift in Sources */ = {isa = PBXBuildFile; fileRef = 8AB276E42F749DA000A764F1 /* VideoRecorderView.swift */; };
		8AB276E72F749DA000A764F1 /* SpeechRecView.swift in Sources */ = {isa = PBXBuildFile; fileRef = 8AB276E62F749DA000A764F1 /* SpeechRecView.swift */; };
		8AB276E92F749DA100A764F1 /* AddressConfirmView.swift in Sources */ = {isa = PBXBuildFile; fileRef = 8AB276E82F749DA100A764F1 /* AddressConfirmView.swift */; };
		8AB276EB2F749DA200A764F1 /* CallScreenView.swift in Sources */ = {isa = PBXBuildFile; fileRef = 8AB276EA2F749DA200A764F1 /* CallScreenView.swift */; };
		8AB276ED2F749DA300A764F1 /* ThankYouView.swift in Sources */ = {isa = PBXBuildFile; fileRef = 8AB276EC2F749DA300A764F1 /* ThankYouView.swift */; };
		8AB276F12F749DC600A764F1 /* IdentifySwiftUIApp.swift in Sources */ = {isa = PBXBuildFile; fileRef = 8AB276F02F749DC600A764F1 /* IdentifySwiftUIApp.swift */; };
		8D09EE402FE576700060F313 /* IdentifySDK.framework in Frameworks */ = {isa = PBXBuildFile; fileRef = 8DB74A792FCF9AAD00C204AA /* IdentifySDK.framework */; };
		8D09EE412FE576700060F313 /* IdentifySDK.framework in Embed Frameworks */ = {isa = PBXBuildFile; fileRef = 8DB74A792FCF9AAD00C204AA /* IdentifySDK.framework */; settings = {ATTRIBUTES = (CodeSignOnCopy, RemoveHeadersOnCopy, ); }; };
		8D09EE442FE57E6D0060F313 /* Inter.ttf in Resources */ = {isa = PBXBuildFile; fileRef = 8D09EE432FE57E6D0060F313 /* Inter.ttf */; };
		8D09EE462FE57E730060F313 /* Inter-Italic.ttf in Resources */ = {isa = PBXBuildFile; fileRef = 8D09EE452FE57E730060F313 /* Inter-Italic.ttf */; };
		8D09EE482FE58A560060F313 /* SDKNavigationBar.swift in Sources */ = {isa = PBXBuildFile; fileRef = 8D09EE472FE58A560060F313 /* SDKNavigationBar.swift */; };
		8D09EE4A2FE5F4140060F313 /* SDKButton.swift in Sources */ = {isa = PBXBuildFile; fileRef = 8D09EE492FE5F4140060F313 /* SDKButton.swift */; };
		8D09EE4C2FE5FEE50060F313 /* IdCardScanningView.swift in Sources */ = {isa = PBXBuildFile; fileRef = 8D09EE4B2FE5FEE50060F313 /* IdCardScanningView.swift */; };
		8D0D25F02FE4915400DE3B73 /* LostConnectionViewModel.swift in Sources */ = {isa = PBXBuildFile; fileRef = 8D0D25EF2FE4915400DE3B73 /* LostConnectionViewModel.swift */; };
		8D0D25F22FE4915500DE3B73 /* LostConnectionView.swift in Sources */ = {isa = PBXBuildFile; fileRef = 8D0D25F12FE4915500DE3B73 /* LostConnectionView.swift */; };
		8D0D25F42FE4958B00DE3B73 /* ExternalViewModel.swift in Sources */ = {isa = PBXBuildFile; fileRef = 8D0D25F32FE4958B00DE3B73 /* ExternalViewModel.swift */; };
		8D0D25F62FE4958B00DE3B73 /* ExternalView.swift in Sources */ = {isa = PBXBuildFile; fileRef = 8D0D25F52FE4958B00DE3B73 /* ExternalView.swift */; };
		8D0D25F82FE495E100DE3B73 /* ExternalScreen_KnowHow.md in Resources */ = {isa = PBXBuildFile; fileRef = 8D0D25F72FE495E100DE3B73 /* ExternalScreen_KnowHow.md */; };
		8D16EAAA2FCEDC2F00C7152E /* IdCardScannerView.swift in Sources */ = {isa = PBXBuildFile; fileRef = 8D16EAA92FCEDC2F00C7152E /* IdCardScannerView.swift */; };
		8D20F8C92FC8FE0F008F7DCF /* SDKDesignTokens.swift in Sources */ = {isa = PBXBuildFile; fileRef = 8D20F8C82FC8FE0F008F7DCF /* SDKDesignTokens.swift */; };
		8D4D64A52FE95A3200CFDCA2 /* IDAlertView.swift in Sources */ = {isa = PBXBuildFile; fileRef = 8D4D64A42FE95A3200CFDCA2 /* IDAlertView.swift */; };
		8D58B84A2FC9A2B900EC0A5F /* IDSuccessBanner.swift in Sources */ = {isa = PBXBuildFile; fileRef = 8D58B8492FC9A2B900EC0A5F /* IDSuccessBanner.swift */; };
		8D5999822FEB3E0A004EF1CF /* IdCardROIPreview.swift in Sources */ = {isa = PBXBuildFile; fileRef = 8D5999812FEB3E0A004EF1CF /* IdCardROIPreview.swift */; };
		8D67E2732FE3EA1B00F01E9D /* VideoFeedRepresentable.swift in Sources */ = {isa = PBXBuildFile; fileRef = 8D67E2722FE3EA1B00F01E9D /* VideoFeedRepresentable.swift */; };
		8D8153CB2FE2152A0065BFE6 /* VideoCameraController.swift in Sources */ = {isa = PBXBuildFile; fileRef = 8D8153CA2FE2152A0065BFE6 /* VideoCameraController.swift */; };
		8D91F2002FCE34C1000B56ED /* IdentifyNavigationFlow.swift in Sources */ = {isa = PBXBuildFile; fileRef = 8D91F1FF2FCE34C1000B56ED /* IdentifyNavigationFlow.swift */; };
		8D91F2022FCE34D3000B56ED /* AppNavigationCoordinator.swift in Sources */ = {isa = PBXBuildFile; fileRef = 8D91F2012FCE34D3000B56ED /* AppNavigationCoordinator.swift */; };
		8D91F2042FCE34DB000B56ED /* IdentifyNavigationCoordinatorView.swift in Sources */ = {isa = PBXBuildFile; fileRef = 8D91F2032FCE34DB000B56ED /* IdentifyNavigationCoordinatorView.swift */; };
		8DB4B1892FE2E4FB00BA4C67 /* SwiftSignatureViewRepresentable.swift in Sources */ = {isa = PBXBuildFile; fileRef = 8DB4B1882FE2E4FA00BA4C67 /* SwiftSignatureViewRepresentable.swift */; };
		8DD4665F2FED275C00710491 /* SDKNetworkLogger.swift in Sources */ = {isa = PBXBuildFile; fileRef = 8DD4665E2FED275C00710491 /* SDKNetworkLogger.swift */; };
		8DDD39C62FE8A2A30078E962 /* SignLangRepresentable.swift in Sources */ = {isa = PBXBuildFile; fileRef = 8DDD39C52FE8A2A30078E962 /* SignLangRepresentable.swift */; };
		8DDD39C82FE8AEF10078E962 /* SignLangViewModel.swift in Sources */ = {isa = PBXBuildFile; fileRef = 8DDD39C72FE8AEF10078E962 /* SignLangViewModel.swift */; };
		8DDD39CA2FE8AF000078E962 /* SignLangView.swift in Sources */ = {isa = PBXBuildFile; fileRef = 8DDD39C92FE8AF000078E962 /* SignLangView.swift */; };
		8DF844B62FE18B130066D35A /* SelfieCameraView.swift in Sources */ = {isa = PBXBuildFile; fileRef = 8DF844B52FE18B120066D35A /* SelfieCameraView.swift */; };
		DF7BC16A2D4A279600372CAB /* Env.xcdatamodeld in Sources */ = {isa = PBXBuildFile; fileRef = DF7BC1682D4A279600372CAB /* Env.xcdatamodeld */; };
/* End PBXBuildFile section */

/* Begin PBXCopyFilesBuildPhase section */
		8D09EE422FE576700060F313 /* Embed Frameworks */ = {
			isa = PBXCopyFilesBuildPhase;
			buildActionMask = 2147483647;
			dstPath = "";
			dstSubfolderSpec = 10;
			files = (
				8D09EE412FE576700060F313 /* IdentifySDK.framework in Embed Frameworks */,
			);
			name = "Embed Frameworks";
			runOnlyForDeploymentPostprocessing = 0;
		};
/* End PBXCopyFilesBuildPhase section */

/* Begin PBXFileReference section */
		36692AAD2F11120500A67DAB /* apiqa.identify.com.tr.cer */ = {isa = PBXFileReference; lastKnownFileType = file; path = apiqa.identify.com.tr.cer; sourceTree = "<group>"; };
		36BF334F2E572348007F92CE /* SDKReachabilityHelper.swift */ = {isa = PBXFileReference; lastKnownFileType = sourcecode.swift; path = SDKReachabilityHelper.swift; sourceTree = "<group>"; };
		36E1B3BE2EAA42FB004F791C /* SDKOVDViewController.swift */ = {isa = PBXFileReference; lastKnownFileType = sourcecode.swift; path = SDKOVDViewController.swift; sourceTree = "<group>"; };
		480C1E4E2BDB8B8D0076D28B /* PrivacyInfo.xcprivacy */ = {isa = PBXFileReference; fileEncoding = 4; lastKnownFileType = text.xml; path = PrivacyInfo.xcprivacy; sourceTree = "<group>"; };
		481065972922646600053004 /* SDKLivenessViewController.swift */ = {isa = PBXFileReference; lastKnownFileType = sourcecode.swift; path = SDKLivenessViewController.swift; sourceTree = "<group>"; };
		4813037C29221E1300E66D73 /* SDKVideoRecorderViewController.swift */ = {isa = PBXFileReference; lastKnownFileType = sourcecode.swift; path = SDKVideoRecorderViewController.swift; sourceTree = "<group>"; };
		48171420294734FA0095A64F /* SDKPassportReaderViewController.swift */ = {isa = PBXFileReference; lastKnownFileType = sourcecode.swift; path = SDKPassportReaderViewController.swift; sourceTree = "<group>"; };
		4820A4A12924CDAC004DB388 /* sample.mp4 */ = {isa = PBXFileReference; lastKnownFileType = file; path = sample.mp4; sourceTree = "<group>"; };
		4825316A2B02632900B0472C /* SDKPrepareViewController.swift */ = {isa = PBXFileReference; lastKnownFileType = sourcecode.swift; path = SDKPrepareViewController.swift; sourceTree = "<group>"; };
		48263C0E292789C7005200A1 /* SDKThankYouViewController.swift */ = {isa = PBXFileReference; lastKnownFileType = sourcecode.swift; path = SDKThankYouViewController.swift; sourceTree = "<group>"; };
		483BDB0B28F459CC00635BCC /* IdentifyTR.app */ = {isa = PBXFileReference; explicitFileType = wrapper.application; includeInIndex = 0; path = IdentifyTR.app; sourceTree = BUILT_PRODUCTS_DIR; };
		483BDB0E28F459CC00635BCC /* AppDelegate.swift */ = {isa = PBXFileReference; lastKnownFileType = sourcecode.swift; path = AppDelegate.swift; sourceTree = "<group>"; };
		483BDB1728F459CC00635BCC /* Assets.xcassets */ = {isa = PBXFileReference; lastKnownFileType = folder.assetcatalog; path = Assets.xcassets; sourceTree = "<group>"; };
		483BDB1A28F459CC00635BCC /* Base */ = {isa = PBXFileReference; lastKnownFileType = file.storyboard; name = Base; path = Base.lproj/LaunchScreen.storyboard; sourceTree = "<group>"; };
		483BDB1C28F459CC00635BCC /* Info.plist */ = {isa = PBXFileReference; lastKnownFileType = text.plist.xml; path = Info.plist; sourceTree = "<group>"; };
		485C15302907D2E8007B9ED0 /* SDKLoginViewController.swift */ = {isa = PBXFileReference; lastKnownFileType = sourcecode.swift; path = SDKLoginViewController.swift; sourceTree = "<group>"; };
		485C15382907D3CF007B9ED0 /* SDKViewOptionsController.swift */ = {isa = PBXFileReference; lastKnownFileType = sourcecode.swift; path = SDKViewOptionsController.swift; sourceTree = "<group>"; };
		485C154C2907DC19007B9ED0 /* SDKSelfieViewController.swift */ = {isa = PBXFileReference; lastKnownFileType = sourcecode.swift; path = SDKSelfieViewController.swift; sourceTree = "<group>"; };
		485C15512907F3A7007B9ED0 /* SDKUITableViewCell+.swift */ = {isa = PBXFileReference; fileEncoding = 4; lastKnownFileType = sourcecode.swift; path = "SDKUITableViewCell+.swift"; sourceTree = "<group>"; };
		485C15522907F3A7007B9ED0 /* SDKUIApplication+.swift */ = {isa = PBXFileReference; fileEncoding = 4; lastKnownFileType = sourcecode.swift; path = "SDKUIApplication+.swift"; sourceTree = "<group>"; };
		485C15532907F3A7007B9ED0 /* SDKBundle+.swift */ = {isa = PBXFileReference; fileEncoding = 4; lastKnownFileType = sourcecode.swift; path = "SDKBundle+.swift"; sourceTree = "<group>"; };
		485C15542907F3A7007B9ED0 /* SDKUIImageView+.swift */ = {isa = PBXFileReference; fileEncoding = 4; lastKnownFileType = sourcecode.swift; path = "SDKUIImageView+.swift"; sourceTree = "<group>"; };
		485C15552907F3A7007B9ED0 /* SDKUIStackView+.swift */ = {isa = PBXFileReference; fileEncoding = 4; lastKnownFileType = sourcecode.swift; path = "SDKUIStackView+.swift"; sourceTree = "<group>"; };
		485C15562907F3A7007B9ED0 /* SDKString+.swift */ = {isa = PBXFileReference; fileEncoding = 4; lastKnownFileType = sourcecode.swift; path = "SDKString+.swift"; sourceTree = "<group>"; };
		485C15572907F3A7007B9ED0 /* SDKUIImage+.swift */ = {isa = PBXFileReference; fileEncoding = 4; lastKnownFileType = sourcecode.swift; path = "SDKUIImage+.swift"; sourceTree = "<group>"; };
		485C15582907F3A7007B9ED0 /* SDKUIView+.swift */ = {isa = PBXFileReference; fileEncoding = 4; lastKnownFileType = sourcecode.swift; path = "SDKUIView+.swift"; sourceTree = "<group>"; };
		485C15592907F3A7007B9ED0 /* SDKCgRect+.swift */ = {isa = PBXFileReference; fileEncoding = 4; lastKnownFileType = sourcecode.swift; path = "SDKCgRect+.swift"; sourceTree = "<group>"; };
		485C15632907F3FA007B9ED0 /* Colors.xcassets */ = {isa = PBXFileReference; lastKnownFileType = folder.assetcatalog; path = Colors.xcassets; sourceTree = "<group>"; };
		485C15662907FC69007B9ED0 /* SDKCardReaderViewController.swift */ = {isa = PBXFileReference; lastKnownFileType = sourcecode.swift; path = SDKCardReaderViewController.swift; sourceTree = "<group>"; };
		485C157A2908190D007B9ED0 /* SDKNfcViewController.swift */ = {isa = PBXFileReference; lastKnownFileType = sourcecode.swift; path = SDKNfcViewController.swift; sourceTree = "<group>"; };
		487D31A92BEB913400305684 /* AZERI.json */ = {isa = PBXFileReference; fileEncoding = 4; lastKnownFileType = text.json; path = AZERI.json; sourceTree = "<group>"; };
		487D31AA2BEB913400305684 /* RUSSIAN.json */ = {isa = PBXFileReference; fileEncoding = 4; lastKnownFileType = text.json; path = RUSSIAN.json; sourceTree = "<group>"; };
		4881A7FD29238CB400EB4072 /* SDKAddressConfirmViewController.swift */ = {isa = PBXFileReference; lastKnownFileType = sourcecode.swift; path = SDKAddressConfirmViewController.swift; sourceTree = "<group>"; };
		4881A8092923BEF400EB4072 /* SDKCallScreenViewController.swift */ = {isa = PBXFileReference; lastKnownFileType = sourcecode.swift; path = SDKCallScreenViewController.swift; sourceTree = "<group>"; };
		4881A80E2923BF0000EB4072 /* SDKRingViewController.swift */ = {isa = PBXFileReference; lastKnownFileType = sourcecode.swift; path = SDKRingViewController.swift; sourceTree = "<group>"; };
		48870098292CDA3500961218 /* SDKListenSocketViewController.swift */ = {isa = PBXFileReference; lastKnownFileType = sourcecode.swift; path = SDKListenSocketViewController.swift; sourceTree = "<group>"; };
		4887EEED2A6E99B600D51461 /* ExternalViewController.swift */ = {isa = PBXFileReference; lastKnownFileType = sourcecode.swift; path = ExternalViewController.swift; sourceTree = "<group>"; };
		488B29FA2E05BFDC00D1B6A0 /* Env.xcdatamodel */ = {isa = PBXFileReference; lastKnownFileType = wrapper.xcdatamodel; path = Env.xcdatamodel; sourceTree = "<group>"; };
		489CBB1A28F586D500D22CC1 /* NewTest.entitlements */ = {isa = PBXFileReference; lastKnownFileType = text.plist.entitlements; path = NewTest.entitlements; sourceTree = "<group>"; };
		48A151E9292B73BA005B376B /* SDKSignLangViewController.swift */ = {isa = PBXFileReference; lastKnownFileType = sourcecode.swift; path = SDKSignLangViewController.swift; sourceTree = "<group>"; };
		48AB73F9291A75E200F591A4 /* SDKSignatureViewController.swift */ = {isa = PBXFileReference; lastKnownFileType = sourcecode.swift; path = SDKSignatureViewController.swift; sourceTree = "<group>"; };
		48BFF0D02BBAF3940088D67E /* v2api.identify.com.tr.cer */ = {isa = PBXFileReference; lastKnownFileType = file; path = v2api.identify.com.tr.cer; sourceTree = "<group>"; };
		48C038192B5542F500AF690B /* CallStatusEnum.swift */ = {isa = PBXFileReference; lastKnownFileType = sourcecode.swift; path = CallStatusEnum.swift; sourceTree = "<group>"; };
		48CD8CFE29792C8F008573F8 /* SDKIdentifyColorTheme.swift */ = {isa = PBXFileReference; lastKnownFileType = sourcecode.swift; path = SDKIdentifyColorTheme.swift; sourceTree = "<group>"; };
		48CD8D0029792D5A008573F8 /* SDKLangManager.swift */ = {isa = PBXFileReference; lastKnownFileType = sourcecode.swift; path = SDKLangManager.swift; sourceTree = "<group>"; };
		48CD8D0229792E25008573F8 /* ENGLISH.json */ = {isa = PBXFileReference; fileEncoding = 4; lastKnownFileType = text.json; path = ENGLISH.json; sourceTree = "<group>"; };
		48CD8D0329792E26008573F8 /* TURKISH.json */ = {isa = PBXFileReference; fileEncoding = 4; lastKnownFileType = text.json; path = TURKISH.json; sourceTree = "<group>"; };
		48CD8D0429792E26008573F8 /* GERMAN.json */ = {isa = PBXFileReference; fileEncoding = 4; lastKnownFileType = text.json; path = GERMAN.json; sourceTree = "<group>"; };
		48DD2F2B2B8DD57D0091FCCE /* SDKNewLivenessViewController.swift */ = {isa = PBXFileReference; lastKnownFileType = sourcecode.swift; path = SDKNewLivenessViewController.swift; sourceTree = "<group>"; };
		48DE147A290A6C1900057EAD /* SDKColorManager.swift */ = {isa = PBXFileReference; lastKnownFileType = sourcecode.swift; path = SDKColorManager.swift; sourceTree = "<group>"; };
		48DE147C290A6C3E00057EAD /* SDKButtonExtension.swift */ = {isa = PBXFileReference; lastKnownFileType = sourcecode.swift; path = SDKButtonExtension.swift; sourceTree = "<group>"; };
		48DE1484290A7D3A00057EAD /* UIViewController+.swift */ = {isa = PBXFileReference; lastKnownFileType = sourcecode.swift; path = "UIViewController+.swift"; sourceTree = "<group>"; };
		48E8E42F29266B8A0045C3F8 /* SDKSpeechRecViewController.swift */ = {isa = PBXFileReference; lastKnownFileType = sourcecode.swift; path = SDKSpeechRecViewController.swift; sourceTree = "<group>"; };
		8AB276B42F749CE100A764F1 /* BaseModuleViewModel.swift */ = {isa = PBXFileReference; lastKnownFileType = sourcecode.swift; path = BaseModuleViewModel.swift; sourceTree = "<group>"; };
		8AB276B62F749CEF00A764F1 /* SDKModuleHostView.swift */ = {isa = PBXFileReference; lastKnownFileType = sourcecode.swift; path = SDKModuleHostView.swift; sourceTree = "<group>"; };
		8AB276B82F749D1900A764F1 /* AppStateViewModel.swift */ = {isa = PBXFileReference; lastKnownFileType = sourcecode.swift; path = AppStateViewModel.swift; sourceTree = "<group>"; };
		8AB276BA2F749D5100A764F1 /* LoginViewModel.swift */ = {isa = PBXFileReference; lastKnownFileType = sourcecode.swift; path = LoginViewModel.swift; sourceTree = "<group>"; };
		8AB276BC2F749D5100A764F1 /* PrepareViewModel.swift */ = {isa = PBXFileReference; lastKnownFileType = sourcecode.swift; path = PrepareViewModel.swift; sourceTree = "<group>"; };
		8AB276BE2F749D5100A764F1 /* IdCardViewModel.swift */ = {isa = PBXFileReference; lastKnownFileType = sourcecode.swift; path = IdCardViewModel.swift; sourceTree = "<group>"; };
		8AB276C02F749D5200A764F1 /* OVDViewModel.swift */ = {isa = PBXFileReference; lastKnownFileType = sourcecode.swift; path = OVDViewModel.swift; sourceTree = "<group>"; };
		8AB276C22F749D5200A764F1 /* NFCViewModel.swift */ = {isa = PBXFileReference; lastKnownFileType = sourcecode.swift; path = NFCViewModel.swift; sourceTree = "<group>"; };
		8AB276C42F749D5200A764F1 /* LivenessViewModel.swift */ = {isa = PBXFileReference; lastKnownFileType = sourcecode.swift; path = LivenessViewModel.swift; sourceTree = "<group>"; };
		8AB276C62F749D5300A764F1 /* SelfieViewModel.swift */ = {isa = PBXFileReference; lastKnownFileType = sourcecode.swift; path = SelfieViewModel.swift; sourceTree = "<group>"; };
		8AB276C82F749D5300A764F1 /* SignatureViewModel.swift */ = {isa = PBXFileReference; lastKnownFileType = sourcecode.swift; path = SignatureViewModel.swift; sourceTree = "<group>"; };
		8AB276CA2F749D5500A764F1 /* VideoRecorderViewModel.swift */ = {isa = PBXFileReference; lastKnownFileType = sourcecode.swift; path = VideoRecorderViewModel.swift; sourceTree = "<group>"; };
		8AB276CC2F749D5600A764F1 /* SpeechRecViewModel.swift */ = {isa = PBXFileReference; lastKnownFileType = sourcecode.swift; path = SpeechRecViewModel.swift; sourceTree = "<group>"; };
		8AB276CE2F749D5800A764F1 /* AddressConfirmViewModel.swift */ = {isa = PBXFileReference; lastKnownFileType = sourcecode.swift; path = AddressConfirmViewModel.swift; sourceTree = "<group>"; };
		8AB276D02F749D5900A764F1 /* CallScreenViewModel.swift */ = {isa = PBXFileReference; lastKnownFileType = sourcecode.swift; path = CallScreenViewModel.swift; sourceTree = "<group>"; };
		8AB276D22F749D5A00A764F1 /* ThankYouViewModel.swift */ = {isa = PBXFileReference; lastKnownFileType = sourcecode.swift; path = ThankYouViewModel.swift; sourceTree = "<group>"; };
		8AB276D42F749D9600A764F1 /* LoginView.swift */ = {isa = PBXFileReference; lastKnownFileType = sourcecode.swift; path = LoginView.swift; sourceTree = "<group>"; };
		8AB276D62F749D9700A764F1 /* PrepareView.swift */ = {isa = PBXFileReference; lastKnownFileType = sourcecode.swift; path = PrepareView.swift; sourceTree = "<group>"; };
		8AB276D82F749D9900A764F1 /* IdCardView.swift */ = {isa = PBXFileReference; lastKnownFileType = sourcecode.swift; path = IdCardView.swift; sourceTree = "<group>"; };
		8AB276DA2F749D9900A764F1 /* OVDView.swift */ = {isa = PBXFileReference; lastKnownFileType = sourcecode.swift; path = OVDView.swift; sourceTree = "<group>"; };
		8AB276DC2F749D9B00A764F1 /* NFCView.swift */ = {isa = PBXFileReference; lastKnownFileType = sourcecode.swift; path = NFCView.swift; sourceTree = "<group>"; };
		8AB276DE2F749D9C00A764F1 /* LivenessView.swift */ = {isa = PBXFileReference; lastKnownFileType = sourcecode.swift; path = LivenessView.swift; sourceTree = "<group>"; };
		8AB276E02F749D9D00A764F1 /* SelfieView.swift */ = {isa = PBXFileReference; lastKnownFileType = sourcecode.swift; path = SelfieView.swift; sourceTree = "<group>"; };
		8AB276E22F749D9E00A764F1 /* SignatureView.swift */ = {isa = PBXFileReference; lastKnownFileType = sourcecode.swift; path = SignatureView.swift; sourceTree = "<group>"; };
		8AB276E42F749DA000A764F1 /* VideoRecorderView.swift */ = {isa = PBXFileReference; lastKnownFileType = sourcecode.swift; path = VideoRecorderView.swift; sourceTree = "<group>"; };
		8AB276E62F749DA000A764F1 /* SpeechRecView.swift */ = {isa = PBXFileReference; lastKnownFileType = sourcecode.swift; path = SpeechRecView.swift; sourceTree = "<group>"; };
		8AB276E82F749DA100A764F1 /* AddressConfirmView.swift */ = {isa = PBXFileReference; lastKnownFileType = sourcecode.swift; path = AddressConfirmView.swift; sourceTree = "<group>"; };
		8AB276EA2F749DA200A764F1 /* CallScreenView.swift */ = {isa = PBXFileReference; lastKnownFileType = sourcecode.swift; path = CallScreenView.swift; sourceTree = "<group>"; };
		8AB276EC2F749DA300A764F1 /* ThankYouView.swift */ = {isa = PBXFileReference; lastKnownFileType = sourcecode.swift; path = ThankYouView.swift; sourceTree = "<group>"; };
		8AB276F02F749DC600A764F1 /* IdentifySwiftUIApp.swift */ = {isa = PBXFileReference; lastKnownFileType = sourcecode.swift; path = IdentifySwiftUIApp.swift; sourceTree = "<group>"; };
		8D09EE432FE57E6D0060F313 /* Inter.ttf */ = {isa = PBXFileReference; lastKnownFileType = file; path = Inter.ttf; sourceTree = "<group>"; };
		8D09EE452FE57E730060F313 /* Inter-Italic.ttf */ = {isa = PBXFileReference; lastKnownFileType = file; path = "Inter-Italic.ttf"; sourceTree = "<group>"; };
		8D09EE472FE58A560060F313 /* SDKNavigationBar.swift */ = {isa = PBXFileReference; lastKnownFileType = sourcecode.swift; path = SDKNavigationBar.swift; sourceTree = "<group>"; };
		8D09EE492FE5F4140060F313 /* SDKButton.swift */ = {isa = PBXFileReference; lastKnownFileType = sourcecode.swift; path = SDKButton.swift; sourceTree = "<group>"; };
		8D09EE4B2FE5FEE50060F313 /* IdCardScanningView.swift */ = {isa = PBXFileReference; lastKnownFileType = sourcecode.swift; path = IdCardScanningView.swift; sourceTree = "<group>"; };
		8D0D25EF2FE4915400DE3B73 /* LostConnectionViewModel.swift */ = {isa = PBXFileReference; lastKnownFileType = sourcecode.swift; path = LostConnectionViewModel.swift; sourceTree = "<group>"; };
		8D0D25F12FE4915500DE3B73 /* LostConnectionView.swift */ = {isa = PBXFileReference; lastKnownFileType = sourcecode.swift; path = LostConnectionView.swift; sourceTree = "<group>"; };
		8D0D25F32FE4958B00DE3B73 /* ExternalViewModel.swift */ = {isa = PBXFileReference; lastKnownFileType = sourcecode.swift; path = ExternalViewModel.swift; sourceTree = "<group>"; };
		8D0D25F52FE4958B00DE3B73 /* ExternalView.swift */ = {isa = PBXFileReference; lastKnownFileType = sourcecode.swift; path = ExternalView.swift; sourceTree = "<group>"; };
		8D0D25F72FE495E100DE3B73 /* ExternalScreen_KnowHow.md */ = {isa = PBXFileReference; lastKnownFileType = net.daringfireball.markdown; path = ExternalScreen_KnowHow.md; sourceTree = "<group>"; };
		8D16EAA92FCEDC2F00C7152E /* IdCardScannerView.swift */ = {isa = PBXFileReference; lastKnownFileType = sourcecode.swift; path = IdCardScannerView.swift; sourceTree = "<group>"; };
		8D20F8C82FC8FE0F008F7DCF /* SDKDesignTokens.swift */ = {isa = PBXFileReference; lastKnownFileType = sourcecode.swift; path = SDKDesignTokens.swift; sourceTree = "<group>"; };
		8D4D64A42FE95A3200CFDCA2 /* IDAlertView.swift */ = {isa = PBXFileReference; lastKnownFileType = sourcecode.swift; path = IDAlertView.swift; sourceTree = "<group>"; };
		8D58B8492FC9A2B900EC0A5F /* IDSuccessBanner.swift */ = {isa = PBXFileReference; lastKnownFileType = sourcecode.swift; path = IDSuccessBanner.swift; sourceTree = "<group>"; };
		8D5999812FEB3E0A004EF1CF /* IdCardROIPreview.swift */ = {isa = PBXFileReference; lastKnownFileType = sourcecode.swift; path = IdCardROIPreview.swift; sourceTree = "<group>"; };
		8D67E2722FE3EA1B00F01E9D /* VideoFeedRepresentable.swift */ = {isa = PBXFileReference; lastKnownFileType = sourcecode.swift; path = VideoFeedRepresentable.swift; sourceTree = "<group>"; };
		8D8153CA2FE2152A0065BFE6 /* VideoCameraController.swift */ = {isa = PBXFileReference; lastKnownFileType = sourcecode.swift; path = VideoCameraController.swift; sourceTree = "<group>"; };
		8D91F1FF2FCE34C1000B56ED /* IdentifyNavigationFlow.swift */ = {isa = PBXFileReference; lastKnownFileType = sourcecode.swift; path = IdentifyNavigationFlow.swift; sourceTree = "<group>"; };
		8D91F2012FCE34D3000B56ED /* AppNavigationCoordinator.swift */ = {isa = PBXFileReference; lastKnownFileType = sourcecode.swift; path = AppNavigationCoordinator.swift; sourceTree = "<group>"; };
		8D91F2032FCE34DB000B56ED /* IdentifyNavigationCoordinatorView.swift */ = {isa = PBXFileReference; lastKnownFileType = sourcecode.swift; path = IdentifyNavigationCoordinatorView.swift; sourceTree = "<group>"; };
		8DB4B1882FE2E4FA00BA4C67 /* SwiftSignatureViewRepresentable.swift */ = {isa = PBXFileReference; lastKnownFileType = sourcecode.swift; path = SwiftSignatureViewRepresentable.swift; sourceTree = "<group>"; };
		8DB74A792FCF9AAD00C204AA /* IdentifySDK.framework */ = {isa = PBXFileReference; explicitFileType = wrapper.framework; path = IdentifySDK.framework; sourceTree = BUILT_PRODUCTS_DIR; };
		8DD4665E2FED275C00710491 /* SDKNetworkLogger.swift */ = {isa = PBXFileReference; lastKnownFileType = sourcecode.swift; path = SDKNetworkLogger.swift; sourceTree = "<group>"; };
		8DDD39C52FE8A2A30078E962 /* SignLangRepresentable.swift */ = {isa = PBXFileReference; lastKnownFileType = sourcecode.swift; path = SignLangRepresentable.swift; sourceTree = "<group>"; };
		8DDD39C72FE8AEF10078E962 /* SignLangViewModel.swift */ = {isa = PBXFileReference; lastKnownFileType = sourcecode.swift; path = SignLangViewModel.swift; sourceTree = "<group>"; };
		8DDD39C92FE8AF000078E962 /* SignLangView.swift */ = {isa = PBXFileReference; lastKnownFileType = sourcecode.swift; path = SignLangView.swift; sourceTree = "<group>"; };
		8DF844B52FE18B120066D35A /* SelfieCameraView.swift */ = {isa = PBXFileReference; lastKnownFileType = sourcecode.swift; path = SelfieCameraView.swift; sourceTree = "<group>"; };
		DF7BC1692D4A279600372CAB /* Env.xcdatamodel */ = {isa = PBXFileReference; lastKnownFileType = wrapper.xcdatamodel; path = Env.xcdatamodel; sourceTree = "<group>"; };
/* End PBXFileReference section */

/* Begin PBXFrameworksBuildPhase section */
		483BDB0828F459CC00635BCC /* Frameworks */ = {
			isa = PBXFrameworksBuildPhase;
			buildActionMask = 2147483647;
			files = (
				4880596E291D0EBD0058C7CD /* Toast in Frameworks */,
				486A11222B07BED000A34623 /* SpeechRecognizerPermission in Frameworks */,
				486A11202B07BED000A34623 /* MicrophonePermission in Frameworks */,
				48AB73FF291A762100F591A4 /* SwiftSignatureView in Frameworks */,
				486A111E2B07BED000A34623 /* CameraPermission in Frameworks */,
				48420BA72A8B61840005250F /* WebRTC in Frameworks */,
				4857BFF82902D621001FE850 /* OpenSSL in Frameworks */,
				4831E1F32B69284400B67891 /* IQKeyboardManagerSwift in Frameworks */,
				48171405294716830095A64F /* netfox in Frameworks */,
				48F0867829F7CA4E00FCA4BF /* QKMRZScanner in Frameworks */,
				4857BFFB2902D636001FE850 /* Starscream in Frameworks */,
				48D802292924F6B000B9BB83 /* CHIOTPField in Frameworks */,
				8D09EE402FE576700060F313 /* IdentifySDK.framework in Frameworks */,
			);
			runOnlyForDeploymentPostprocessing = 0;
		};
/* End PBXFrameworksBuildPhase section */

/* Begin PBXGroup section */
		483BDB0228F459CC00635BCC = {
			isa = PBXGroup;
			children = (
				483BDB0D28F459CC00635BCC /* NewTest */,
				8A6DA0202F55B9C30070041C /* Frameworks */,
				483BDB0C28F459CC00635BCC /* Products */,
			);
			sourceTree = "<group>";
		};
		483BDB0C28F459CC00635BCC /* Products */ = {
			isa = PBXGroup;
			children = (
				483BDB0B28F459CC00635BCC /* IdentifyTR.app */,
			);
			name = Products;
			sourceTree = "<group>";
		};
		483BDB0D28F459CC00635BCC /* NewTest */ = {
			isa = PBXGroup;
			children = (
				8ABF200B2F6A03700010FABD /* App */,
				8ABF200C2F6A037C0010FABD /* Core */,
				8ABF20112F6A03C50010FABD /* Shared */,
				8ABF20152F6A03DB0010FABD /* Modules */,
				8ABF20312F6A04CA0010FABD /* Resources */,
				8ABF20342F6A04F30010FABD /* SupportingFiles */,
				8AACA69F2F74A94900613630 /* Navigation */,
				4820A4A12924CDAC004DB388 /* sample.mp4 */,
				489CBB1A28F586D500D22CC1 /* NewTest.entitlements */,
				DF7BC1682D4A279600372CAB /* Env.xcdatamodeld */,
				488B29F92E05BFDC00D1B6A0 /* Env.xcdatamodeld */,
				483BDB1728F459CC00635BCC /* Assets.xcassets */,
				485C15632907F3FA007B9ED0 /* Colors.xcassets */,
				483BDB1928F459CC00635BCC /* LaunchScreen.storyboard */,
				483BDB1C28F459CC00635BCC /* Info.plist */,
			);
			path = NewTest;
			sourceTree = "<group>";
		};
		8A6DA0202F55B9C30070041C /* Frameworks */ = {
			isa = PBXGroup;
			children = (
				8DB74A792FCF9AAD00C204AA /* IdentifySDK.framework */,
			);
			name = Frameworks;
			sourceTree = "<group>";
		};
		8AACA69F2F74A94900613630 /* Navigation */ = {
			isa = PBXGroup;
			children = (
				8D91F1FF2FCE34C1000B56ED /* IdentifyNavigationFlow.swift */,
				8D91F2012FCE34D3000B56ED /* AppNavigationCoordinator.swift */,
				8D91F2032FCE34DB000B56ED /* IdentifyNavigationCoordinatorView.swift */,
			);
			path = Navigation;
			sourceTree = "<group>";
		};
		8ABF200B2F6A03700010FABD /* App */ = {
			isa = PBXGroup;
			children = (
				483BDB0E28F459CC00635BCC /* AppDelegate.swift */,
				8AB276F02F749DC600A764F1 /* IdentifySwiftUIApp.swift */,
			);
			path = App;
			sourceTree = "<group>";
		};
		8ABF200C2F6A037C0010FABD /* Core */ = {
			isa = PBXGroup;
			children = (
				8ABF200D2F6A037F0010FABD /* Extensions */,
				8ABF200E2F6A03810010FABD /* Theme */,
				8ABF200F2F6A03830010FABD /* Reachability */,
				8ABF20102F6A03850010FABD /* Localization */,
				8AB276B82F749D1900A764F1 /* AppStateViewModel.swift */,
				8AB276B42F749CE100A764F1 /* BaseModuleViewModel.swift */,
				8AB276B62F749CEF00A764F1 /* SDKModuleHostView.swift */,
				8DD4665D2FED270000710491 /* Debug */,
			);
			path = Core;
			sourceTree = "<group>";
		};
		8ABF200D2F6A037F0010FABD /* Extensions */ = {
			isa = PBXGroup;
			children = (
				48DE147C290A6C3E00057EAD /* SDKButtonExtension.swift */,
				485C15512907F3A7007B9ED0 /* SDKUITableViewCell+.swift */,
				485C15522907F3A7007B9ED0 /* SDKUIApplication+.swift */,
				485C15532907F3A7007B9ED0 /* SDKBundle+.swift */,
				485C15542907F3A7007B9ED0 /* SDKUIImageView+.swift */,
				485C15552907F3A7007B9ED0 /* SDKUIStackView+.swift */,
				485C15562907F3A7007B9ED0 /* SDKString+.swift */,
				485C15572907F3A7007B9ED0 /* SDKUIImage+.swift */,
				485C15582907F3A7007B9ED0 /* SDKUIView+.swift */,
				485C15592907F3A7007B9ED0 /* SDKCgRect+.swift */,
				48DE1484290A7D3A00057EAD /* UIViewController+.swift */,
			);
			path = Extensions;
			sourceTree = "<group>";
		};
		8ABF200E2F6A03810010FABD /* Theme */ = {
			isa = PBXGroup;
			children = (
				48DE147A290A6C1900057EAD /* SDKColorManager.swift */,
				48CD8CFE29792C8F008573F8 /* SDKIdentifyColorTheme.swift */,
				8D20F8C82FC8FE0F008F7DCF /* SDKDesignTokens.swift */,
			);
			path = Theme;
			sourceTree = "<group>";
		};
		8ABF200F2F6A03830010FABD /* Reachability */ = {
			isa = PBXGroup;
			children = (
				36BF334F2E572348007F92CE /* SDKReachabilityHelper.swift */,
			);
			path = Reachability;
			sourceTree = "<group>";
		};
		8ABF20102F6A03850010FABD /* Localization */ = {
			isa = PBXGroup;
			children = (
				48CD8D0029792D5A008573F8 /* SDKLangManager.swift */,
			);
			path = Localization;
			sourceTree = "<group>";
		};
		8ABF20112F6A03C50010FABD /* Shared */ = {
			isa = PBXGroup;
			children = (
				8ABF20122F6A03C60010FABD /* Base */,
				8D09EE472FE58A560060F313 /* SDKNavigationBar.swift */,
				8D09EE492FE5F4140060F313 /* SDKButton.swift */,
			);
			path = Shared;
			sourceTree = "<group>";
		};
		8ABF20122F6A03C60010FABD /* Base */ = {
			isa = PBXGroup;
			children = (
				485C15382907D3CF007B9ED0 /* SDKViewOptionsController.swift */,
				8D58B8492FC9A2B900EC0A5F /* IDSuccessBanner.swift */,
				8D4D64A42FE95A3200CFDCA2 /* IDAlertView.swift */,
			);
			path = Base;
			sourceTree = "<group>";
		};
		8ABF20152F6A03DB0010FABD /* Modules */ = {
			isa = PBXGroup;
			children = (
				8ABF20162F6A03DD0010FABD /* Login */,
				8ABF20172F6A03E00010FABD /* OVD */,
				8ABF20182F6A03E20010FABD /* Prepare */,
				8ABF20192F6A03E40010FABD /* IdCard */,
				8ABF201A2F6A03E60010FABD /* Selfie */,
				8ABF201B2F6A03E70010FABD /* Liveness */,
				8ABF201C2F6A03EA0010FABD /* NFC */,
				8ABF201D2F6A03EC0010FABD /* Signature */,
				8ABF201E2F6A03EE0010FABD /* VideoRecorder */,
				8ABF201F2F6A03F00010FABD /* AddressConfirm */,
				8ABF20202F6A03F30010FABD /* CallScreen */,
				8ABF20212F6A03F50010FABD /* SpeechRecognition */,
				8ABF20222F6A03F70010FABD /* SignLang */,
				8ABF20232F6A03F90010FABD /* ThankYou */,
				8ABF20242F6A03FB0010FABD /* ExternalView */,
				8ABF20252F6A03FD0010FABD /* SocketStatus */,
			);
			path = Modules;
			sourceTree = "<group>";
		};
		8ABF20162F6A03DD0010FABD /* Login */ = {
			isa = PBXGroup;
			children = (
				485C15302907D2E8007B9ED0 /* SDKLoginViewController.swift */,
				8AB276D42F749D9600A764F1 /* LoginView.swift */,
				8AB276BA2F749D5100A764F1 /* LoginViewModel.swift */,
			);
			path = Login;
			sourceTree = "<group>";
		};
		8ABF20172F6A03E00010FABD /* OVD */ = {
			isa = PBXGroup;
			children = (
				36E1B3BE2EAA42FB004F791C /* SDKOVDViewController.swift */,
				8AB276DA2F749D9900A764F1 /* OVDView.swift */,
				8AB276C02F749D5200A764F1 /* OVDViewModel.swift */,
			);
			path = OVD;
			sourceTree = "<group>";
		};
		8ABF20182F6A03E20010FABD /* Prepare */ = {
			isa = PBXGroup;
			children = (
				4825316A2B02632900B0472C /* SDKPrepareViewController.swift */,
				8AB276D62F749D9700A764F1 /* PrepareView.swift */,
				8AB276BC2F749D5100A764F1 /* PrepareViewModel.swift */,
			);
			path = Prepare;
			sourceTree = "<group>";
		};
		8ABF20192F6A03E40010FABD /* IdCard */ = {
			isa = PBXGroup;
			children = (
				485C15662907FC69007B9ED0 /* SDKCardReaderViewController.swift */,
				8AB276D82F749D9900A764F1 /* IdCardView.swift */,
				48171420294734FA0095A64F /* SDKPassportReaderViewController.swift */,
				8AB276BE2F749D5100A764F1 /* IdCardViewModel.swift */,
				8D16EAA92FCEDC2F00C7152E /* IdCardScannerView.swift */,
				8D09EE4B2FE5FEE50060F313 /* IdCardScanningView.swift */,
				8D5999812FEB3E0A004EF1CF /* IdCardROIPreview.swift */,
			);
			path = IdCard;
			sourceTree = "<group>";
		};
		8ABF201A2F6A03E60010FABD /* Selfie */ = {
			isa = PBXGroup;
			children = (
				485C154C2907DC19007B9ED0 /* SDKSelfieViewController.swift */,
				8AB276E02F749D9D00A764F1 /* SelfieView.swift */,
				8AB276C62F749D5300A764F1 /* SelfieViewModel.swift */,
				8DF844B52FE18B120066D35A /* SelfieCameraView.swift */,
			);
			path = Selfie;
			sourceTree = "<group>";
		};
		8ABF201B2F6A03E70010FABD /* Liveness */ = {
			isa = PBXGroup;
			children = (
				481065972922646600053004 /* SDKLivenessViewController.swift */,
				8ABF202F2F6A046F0010FABD /* NewScanner */,
				8AB276DE2F749D9C00A764F1 /* LivenessView.swift */,
				8AB276C42F749D5200A764F1 /* LivenessViewModel.swift */,
			);
			path = Liveness;
			sourceTree = "<group>";
		};
		8ABF201C2F6A03EA0010FABD /* NFC */ = {
			isa = PBXGroup;
			children = (
				485C157A2908190D007B9ED0 /* SDKNfcViewController.swift */,
				8AB276DC2F749D9B00A764F1 /* NFCView.swift */,
				8AB276C22F749D5200A764F1 /* NFCViewModel.swift */,
			);
			path = NFC;
			sourceTree = "<group>";
		};
		8ABF201D2F6A03EC0010FABD /* Signature */ = {
			isa = PBXGroup;
			children = (
				48AB73F9291A75E200F591A4 /* SDKSignatureViewController.swift */,
				8AB276E22F749D9E00A764F1 /* SignatureView.swift */,
				8AB276C82F749D5300A764F1 /* SignatureViewModel.swift */,
				8DB4B1882FE2E4FA00BA4C67 /* SwiftSignatureViewRepresentable.swift */,
			);
			path = Signature;
			sourceTree = "<group>";
		};
		8ABF201E2F6A03EE0010FABD /* VideoRecorder */ = {
			isa = PBXGroup;
			children = (
				4813037C29221E1300E66D73 /* SDKVideoRecorderViewController.swift */,
				8AB276E42F749DA000A764F1 /* VideoRecorderView.swift */,
				8AB276CA2F749D5500A764F1 /* VideoRecorderViewModel.swift */,
				8D8153CA2FE2152A0065BFE6 /* VideoCameraController.swift */,
			);
			path = VideoRecorder;
			sourceTree = "<group>";
		};
		8ABF201F2F6A03F00010FABD /* AddressConfirm */ = {
			isa = PBXGroup;
			children = (
				4881A7FD29238CB400EB4072 /* SDKAddressConfirmViewController.swift */,
				8AB276E82F749DA100A764F1 /* AddressConfirmView.swift */,
				8AB276CE2F749D5800A764F1 /* AddressConfirmViewModel.swift */,
			);
			path = AddressConfirm;
			sourceTree = "<group>";
		};
		8ABF20202F6A03F30010FABD /* CallScreen */ = {
			isa = PBXGroup;
			children = (
				8ABF20302F6A04920010FABD /* RingScreen */,
				4881A8092923BEF400EB4072 /* SDKCallScreenViewController.swift */,
				8AB276EA2F749DA200A764F1 /* CallScreenView.swift */,
				8AB276D02F749D5900A764F1 /* CallScreenViewModel.swift */,
				8D67E2722FE3EA1B00F01E9D /* VideoFeedRepresentable.swift */,
				8DDD39C52FE8A2A30078E962 /* SignLangRepresentable.swift */,
			);
			path = CallScreen;
			sourceTree = "<group>";
		};
		8ABF20212F6A03F50010FABD /* SpeechRecognition */ = {
			isa = PBXGroup;
			children = (
				48E8E42F29266B8A0045C3F8 /* SDKSpeechRecViewController.swift */,
				8AB276E62F749DA000A764F1 /* SpeechRecView.swift */,
				8AB276CC2F749D5600A764F1 /* SpeechRecViewModel.swift */,
			);
			path = SpeechRecognition;
			sourceTree = "<group>";
		};
		8ABF20222F6A03F70010FABD /* SignLang */ = {
			isa = PBXGroup;
			children = (
				48A151E9292B73BA005B376B /* SDKSignLangViewController.swift */,
				8DDD39C72FE8AEF10078E962 /* SignLangViewModel.swift */,
				8DDD39C92FE8AF000078E962 /* SignLangView.swift */,
			);
			path = SignLang;
			sourceTree = "<group>";
		};
		8ABF20232F6A03F90010FABD /* ThankYou */ = {
			isa = PBXGroup;
			children = (
				48263C0E292789C7005200A1 /* SDKThankYouViewController.swift */,
				48C038192B5542F500AF690B /* CallStatusEnum.swift */,
				8AB276EC2F749DA300A764F1 /* ThankYouView.swift */,
				8AB276D22F749D5A00A764F1 /* ThankYouViewModel.swift */,
			);
			path = ThankYou;
			sourceTree = "<group>";
		};
		8ABF20242F6A03FB0010FABD /* ExternalView */ = {
			isa = PBXGroup;
			children = (
				4887EEED2A6E99B600D51461 /* ExternalViewController.swift */,
				8D0D25F32FE4958B00DE3B73 /* ExternalViewModel.swift */,
				8D0D25F52FE4958B00DE3B73 /* ExternalView.swift */,
				8D0D25F72FE495E100DE3B73 /* ExternalScreen_KnowHow.md */,
			);
			path = ExternalView;
			sourceTree = "<group>";
		};
		8ABF20252F6A03FD0010FABD /* SocketStatus */ = {
			isa = PBXGroup;
			children = (
				48870098292CDA3500961218 /* SDKListenSocketViewController.swift */,
				8D0D25EF2FE4915400DE3B73 /* LostConnectionViewModel.swift */,
				8D0D25F12FE4915500DE3B73 /* LostConnectionView.swift */,
			);
			path = SocketStatus;
			sourceTree = "<group>";
		};
		8ABF202F2F6A046F0010FABD /* NewScanner */ = {
			isa = PBXGroup;
			children = (
				48DD2F2B2B8DD57D0091FCCE /* SDKNewLivenessViewController.swift */,
			);
			path = NewScanner;
			sourceTree = "<group>";
		};
		8ABF20302F6A04920010FABD /* RingScreen */ = {
			isa = PBXGroup;
			children = (
				4881A80E2923BF0000EB4072 /* SDKRingViewController.swift */,
			);
			path = RingScreen;
			sourceTree = "<group>";
		};
		8ABF20312F6A04CA0010FABD /* Resources */ = {
			isa = PBXGroup;
			children = (
				8ABF20322F6A04CE0010FABD /* Languages */,
				8D20F8CA2FC8FF79008F7DCF /* Fonts */,
			);
			path = Resources;
			sourceTree = "<group>";
		};
		8ABF20322F6A04CE0010FABD /* Languages */ = {
			isa = PBXGroup;
			children = (
				487D31A92BEB913400305684 /* AZERI.json */,
				487D31AA2BEB913400305684 /* RUSSIAN.json */,
				48CD8D0229792E25008573F8 /* ENGLISH.json */,
				48CD8D0429792E26008573F8 /* GERMAN.json */,
				48CD8D0329792E26008573F8 /* TURKISH.json */,
			);
			path = Languages;
			sourceTree = "<group>";
		};
		8ABF20342F6A04F30010FABD /* SupportingFiles */ = {
			isa = PBXGroup;
			children = (
				480C1E4E2BDB8B8D0076D28B /* PrivacyInfo.xcprivacy */,
				48BFF0D02BBAF3940088D67E /* v2api.identify.com.tr.cer */,
				36692AAD2F11120500A67DAB /* apiqa.identify.com.tr.cer */,
			);
			path = SupportingFiles;
			sourceTree = "<group>";
		};
		8D20F8CA2FC8FF79008F7DCF /* Fonts */ = {
			isa = PBXGroup;
			children = (
				8D09EE432FE57E6D0060F313 /* Inter.ttf */,
				8D09EE452FE57E730060F313 /* Inter-Italic.ttf */,
			);
			path = Fonts;
			sourceTree = "<group>";
		};
		8DD4665D2FED270000710491 /* Debug */ = {
			isa = PBXGroup;
			children = (
				8DD4665E2FED275C00710491 /* SDKNetworkLogger.swift */,
			);
			path = Debug;
			sourceTree = "<group>";
		};
/* End PBXGroup section */

/* Begin PBXNativeTarget section */
		483BDB0A28F459CC00635BCC /* IdentifyTR */ = {
			isa = PBXNativeTarget;
			buildConfigurationList = 483BDB1F28F459CC00635BCC /* Build configuration list for PBXNativeTarget "IdentifyTR" */;
			buildPhases = (
				483BDB0728F459CC00635BCC /* Sources */,
				483BDB0828F459CC00635BCC /* Frameworks */,
				483BDB0928F459CC00635BCC /* Resources */,
				8D09EE422FE576700060F313 /* Embed Frameworks */,
			);
			buildRules = (
			);
			dependencies = (
			);
			name = IdentifyTR;
			packageProductDependencies = (
				4857BFF72902D621001FE850 /* OpenSSL */,
				4857BFFA2902D636001FE850 /* Starscream */,
				48AB73FE291A762100F591A4 /* SwiftSignatureView */,
				4880596D291D0EBD0058C7CD /* Toast */,
				48D802282924F6B000B9BB83 /* CHIOTPField */,
				48171404294716830095A64F /* netfox */,
				48F0867729F7CA4E00FCA4BF /* QKMRZScanner */,
				48420BA62A8B61840005250F /* WebRTC */,
				486A111D2B07BED000A34623 /* CameraPermission */,
				486A111F2B07BED000A34623 /* MicrophonePermission */,
				486A11212B07BED000A34623 /* SpeechRecognizerPermission */,
				4831E1F22B69284400B67891 /* IQKeyboardManagerSwift */,
			);
			productName = NewTest;
			productReference = 483BDB0B28F459CC00635BCC /* IdentifyTR.app */;
			productType = "com.apple.product-type.application";
		};
/* End PBXNativeTarget section */

/* Begin PBXProject section */
		483BDB0328F459CC00635BCC /* Project object */ = {
			isa = PBXProject;
			attributes = {
				BuildIndependentTargetsInParallel = 1;
				LastSwiftUpdateCheck = 1400;
				LastUpgradeCheck = 1400;
				TargetAttributes = {
					483BDB0A28F459CC00635BCC = {
						CreatedOnToolsVersion = 14.0;
					};
				};
			};
			buildConfigurationList = 483BDB0628F459CC00635BCC /* Build configuration list for PBXProject "NewTest" */;
			compatibilityVersion = "Xcode 14.0";
			developmentRegion = en;
			hasScannedForEncodings = 0;
			knownRegions = (
				en,
				Base,
				ja,
				de,
				ar,
				"zh-Hans",
				es,
				"es-419",
				it,
				sv,
				cs,
				ko,
				"zh-Hant",
				hu,
				tr,
				pl,
				"pt-BR",
				ru,
				fr,
				nl,
				"pt-PT",
			);
			mainGroup = 483BDB0228F459CC00635BCC;
			packageReferences = (
				4857BFF62902D621001FE850 /* XCRemoteSwiftPackageReference "OpenSSL" */,
				4857BFF92902D636001FE850 /* XCRemoteSwiftPackageReference "Starscream" */,
				48AB73FD291A762100F591A4 /* XCRemoteSwiftPackageReference "SwiftSignatureView" */,
				4880596C291D0EBD0058C7CD /* XCRemoteSwiftPackageReference "Toast" */,
				48D802272924F6B000B9BB83 /* XCRemoteSwiftPackageReference "CHIOTPField" */,
				48171403294716830095A64F /* XCRemoteSwiftPackageReference "netfox" */,
				48F0867629F7CA4E00FCA4BF /* XCRemoteSwiftPackageReference "QKMRZScanner" */,
				48420BA52A8B61840005250F /* XCRemoteSwiftPackageReference "WebRTC" */,
				486A111C2B07BED000A34623 /* XCRemoteSwiftPackageReference "PermissionsKit" */,
				4831E1F12B69284400B67891 /* XCRemoteSwiftPackageReference "IQKeyboardManager" */,
			);
			productRefGroup = 483BDB0C28F459CC00635BCC /* Products */;
			projectDirPath = "";
			projectRoot = "";
			targets = (
				483BDB0A28F459CC00635BCC /* IdentifyTR */,
			);
		};
/* End PBXProject section */

/* Begin PBXResourcesBuildPhase section */
		483BDB0928F459CC00635BCC /* Resources */ = {
			isa = PBXResourcesBuildPhase;
			buildActionMask = 2147483647;
			files = (
				487D31AC2BEB913400305684 /* RUSSIAN.json in Resources */,
				483BDB1B28F459CC00635BCC /* LaunchScreen.storyboard in Resources */,
				480C1E4F2BDB8B8D0076D28B /* PrivacyInfo.xcprivacy in Resources */,
				4820A4A22924CDAD004DB388 /* sample.mp4 in Resources */,
				480E76AB297A868E0071B049 /* TURKISH.json in Resources */,
				480E76AA297A868E0071B049 /* ENGLISH.json in Resources */,
				8D09EE442FE57E6D0060F313 /* Inter.ttf in Resources */,
				8D09EE462FE57E730060F313 /* Inter-Italic.ttf in Resources */,
				487D31AB2BEB913400305684 /* AZERI.json in Resources */,
				480961182C64E70C00B9E6D5 /* v2api.identify.com.tr.cer in Resources */,
				485C15642907F3FA007B9ED0 /* Colors.xcassets in Resources */,
				483BDB1828F459CC00635BCC /* Assets.xcassets in Resources */,
				480E76A9297A868E0071B049 /* GERMAN.json in Resources */,
				36692AAE2F11120500A67DAB /* apiqa.identify.com.tr.cer in Resources */,
				8D0D25F82FE495E100DE3B73 /* ExternalScreen_KnowHow.md in Resources */,
			);
			runOnlyForDeploymentPostprocessing = 0;
		};
/* End PBXResourcesBuildPhase section */

/* Begin PBXSourcesBuildPhase section */
		483BDB0728F459CC00635BCC /* Sources */ = {
			isa = PBXSourcesBuildPhase;
			buildActionMask = 2147483647;
			files = (
				48DE147D290A6C3E00057EAD /* SDKButtonExtension.swift in Sources */,
				8DF844B62FE18B130066D35A /* SelfieCameraView.swift in Sources */,
				4881A7FF29238CB400EB4072 /* SDKAddressConfirmViewController.swift in Sources */,
				8AB276B92F749D1900A764F1 /* AppStateViewModel.swift in Sources */,
				8AB276C12F749D5200A764F1 /* OVDViewModel.swift in Sources */,
				8DD4665F2FED275C00710491 /* SDKNetworkLogger.swift in Sources */,
				485C155C2907F3A7007B9ED0 /* SDKBundle+.swift in Sources */,
				8AB276F12F749DC600A764F1 /* IdentifySwiftUIApp.swift in Sources */,
				8D0D25F62FE4958B00DE3B73 /* ExternalView.swift in Sources */,
				4825316C2B02632900B0472C /* SDKPrepareViewController.swift in Sources */,
				8AB276C52F749D5200A764F1 /* LivenessViewModel.swift in Sources */,
				8D09EE4C2FE5FEE50060F313 /* IdCardScanningView.swift in Sources */,
				8AB276D72F749D9700A764F1 /* PrepareView.swift in Sources */,
				8AB276D52F749D9600A764F1 /* LoginView.swift in Sources */,
				8D8153CB2FE2152A0065BFE6 /* VideoCameraController.swift in Sources */,
				8AB276E92F749DA100A764F1 /* AddressConfirmView.swift in Sources */,
				481065992922646600053004 /* SDKLivenessViewController.swift in Sources */,
				8AB276D32F749D5A00A764F1 /* ThankYouViewModel.swift in Sources */,
				8AB276C32F749D5200A764F1 /* NFCViewModel.swift in Sources */,
				485C15392907D3CF007B9ED0 /* SDKViewOptionsController.swift in Sources */,
				8D91F2002FCE34C1000B56ED /* IdentifyNavigationFlow.swift in Sources */,
				485C155B2907F3A7007B9ED0 /* SDKUIApplication+.swift in Sources */,
				485C155F2907F3A7007B9ED0 /* SDKString+.swift in Sources */,
				DF7BC16A2D4A279600372CAB /* Env.xcdatamodeld in Sources */,
				8AB276BB2F749D5100A764F1 /* LoginViewModel.swift in Sources */,
				4881A8102923BF0000EB4072 /* SDKRingViewController.swift in Sources */,
				8DDD39C82FE8AEF10078E962 /* SignLangViewModel.swift in Sources */,
				8AB276EB2F749DA200A764F1 /* CallScreenView.swift in Sources */,
				8D09EE4A2FE5F4140060F313 /* SDKButton.swift in Sources */,
				8D20F8C92FC8FE0F008F7DCF /* SDKDesignTokens.swift in Sources */,
				48C0381A2B5542F500AF690B /* CallStatusEnum.swift in Sources */,
				8AB276C72F749D5300A764F1 /* SelfieViewModel.swift in Sources */,
				8AB276B72F749CEF00A764F1 /* SDKModuleHostView.swift in Sources */,
				48BFE3CB2AEA994200980684 /* ExternalViewController.swift in Sources */,
				8D67E2732FE3EA1B00F01E9D /* VideoFeedRepresentable.swift in Sources */,
				8D4D64A52FE95A3200CFDCA2 /* IDAlertView.swift in Sources */,
				8D91F2022FCE34D3000B56ED /* AppNavigationCoordinator.swift in Sources */,
				48263C10292789C7005200A1 /* SDKThankYouViewController.swift in Sources */,
				485C15622907F3A7007B9ED0 /* SDKCgRect+.swift in Sources */,
				8DDD39CA2FE8AF000078E962 /* SignLangView.swift in Sources */,
				48AB73FB291A75E200F591A4 /* SDKSignatureViewController.swift in Sources */,
				8DDD39C62FE8A2A30078E962 /* SignLangRepresentable.swift in Sources */,
				8D16EAAA2FCEDC2F00C7152E /* IdCardScannerView.swift in Sources */,
				4881A80B2923BEF400EB4072 /* SDKCallScreenViewController.swift in Sources */,
				4887009A292CDA3500961218 /* SDKListenSocketViewController.swift in Sources */,
				8D09EE482FE58A560060F313 /* SDKNavigationBar.swift in Sources */,
				485C155A2907F3A7007B9ED0 /* SDKUITableViewCell+.swift in Sources */,
				8D58B84A2FC9A2B900EC0A5F /* IDSuccessBanner.swift in Sources */,
				4813037E29221E1300E66D73 /* SDKVideoRecorderViewController.swift in Sources */,
				48DE1485290A7D3A00057EAD /* UIViewController+.swift in Sources */,
				8AB276E12F749D9D00A764F1 /* SelfieView.swift in Sources */,
				48DE147B290A6C1900057EAD /* SDKColorManager.swift in Sources */,
				8AB276E32F749D9E00A764F1 /* SignatureView.swift in Sources */,
				8AB276ED2F749DA300A764F1 /* ThankYouView.swift in Sources */,
				48171422294734FA0095A64F /* SDKPassportReaderViewController.swift in Sources */,
				48A151EB292B73BA005B376B /* SDKSignLangViewController.swift in Sources */,
				485C15322907D2E8007B9ED0 /* SDKLoginViewController.swift in Sources */,
				8AB276B52F749CE100A764F1 /* BaseModuleViewModel.swift in Sources */,
				8AB276CD2F749D5600A764F1 /* SpeechRecViewModel.swift in Sources */,
				8D0D25F02FE4915400DE3B73 /* LostConnectionViewModel.swift in Sources */,
				8AB276CB2F749D5500A764F1 /* VideoRecorderViewModel.swift in Sources */,
				8AB276CF2F749D5800A764F1 /* AddressConfirmViewModel.swift in Sources */,
				8AB276BD2F749D5100A764F1 /* PrepareViewModel.swift in Sources */,
				8AB276DD2F749D9B00A764F1 /* NFCView.swift in Sources */,
				485C154E2907DC19007B9ED0 /* SDKSelfieViewController.swift in Sources */,
				483BDB0F28F459CC00635BCC /* AppDelegate.swift in Sources */,
				48DD2F2D2B8DD57D0091FCCE /* SDKNewLivenessViewController.swift in Sources */,
				48CD8D0129792D5A008573F8 /* SDKLangManager.swift in Sources */,
				8D91F2042FCE34DB000B56ED /* IdentifyNavigationCoordinatorView.swift in Sources */,
				488B29FB2E05BFDC00D1B6A0 /* Env.xcdatamodeld in Sources */,
				48E8E43129266B8A0045C3F8 /* SDKSpeechRecViewController.swift in Sources */,
				36BF33502E572348007F92CE /* SDKReachabilityHelper.swift in Sources */,
				8AB276BF2F749D5100A764F1 /* IdCardViewModel.swift in Sources */,
				485C155E2907F3A7007B9ED0 /* SDKUIStackView+.swift in Sources */,
				8AB276E52F749DA000A764F1 /* VideoRecorderView.swift in Sources */,
				8AB276D12F749D5900A764F1 /* CallScreenViewModel.swift in Sources */,
				8D5999822FEB3E0A004EF1CF /* IdCardROIPreview.swift in Sources */,
				8AB276E72F749DA000A764F1 /* SpeechRecView.swift in Sources */,
				485C15612907F3A7007B9ED0 /* SDKUIView+.swift in Sources */,
				8AB276DF2F749D9C00A764F1 /* LivenessView.swift in Sources */,
				8AB276C92F749D5300A764F1 /* SignatureViewModel.swift in Sources */,
				8AB276DB2F749D9900A764F1 /* OVDView.swift in Sources */,
				485C15602907F3A7007B9ED0 /* SDKUIImage+.swift in Sources */,
				48CD8CFF29792C8F008573F8 /* SDKIdentifyColorTheme.swift in Sources */,
				485C15682907FC69007B9ED0 /* SDKCardReaderViewController.swift in Sources */,
				8D0D25F22FE4915500DE3B73 /* LostConnectionView.swift in Sources */,
				36E1B3BF2EAA42FB004F791C /* SDKOVDViewController.swift in Sources */,
				8DB4B1892FE2E4FB00BA4C67 /* SwiftSignatureViewRepresentable.swift in Sources */,
				485C155D2907F3A7007B9ED0 /* SDKUIImageView+.swift in Sources */,
				8D0D25F42FE4958B00DE3B73 /* ExternalViewModel.swift in Sources */,
				485C157C2908190D007B9ED0 /* SDKNfcViewController.swift in Sources */,
				8AB276D92F749D9900A764F1 /* IdCardView.swift in Sources */,
			);
			runOnlyForDeploymentPostprocessing = 0;
		};
/* End PBXSourcesBuildPhase section */

/* Begin PBXVariantGroup section */
		483BDB1928F459CC00635BCC /* LaunchScreen.storyboard */ = {
			isa = PBXVariantGroup;
			children = (
				483BDB1A28F459CC00635BCC /* Base */,
			);
			name = LaunchScreen.storyboard;
			sourceTree = "<group>";
		};
/* End PBXVariantGroup section */

/* Begin XCBuildConfiguration section */
		483BDB1D28F459CC00635BCC /* Debug */ = {
			isa = XCBuildConfiguration;
			buildSettings = {
				ALWAYS_SEARCH_USER_PATHS = NO;
				CLANG_ANALYZER_NONNULL = YES;
				CLANG_ANALYZER_NUMBER_OBJECT_CONVERSION = YES_AGGRESSIVE;
				CLANG_CXX_LANGUAGE_STANDARD = "gnu++20";
				CLANG_ENABLE_MODULES = YES;
				CLANG_ENABLE_OBJC_ARC = YES;
				CLANG_ENABLE_OBJC_WEAK = YES;
				CLANG_WARN_BLOCK_CAPTURE_AUTORELEASING = YES;
				CLANG_WARN_BOOL_CONVERSION = YES;
				CLANG_WARN_COMMA = YES;
				CLANG_WARN_CONSTANT_CONVERSION = YES;
				CLANG_WARN_DEPRECATED_OBJC_IMPLEMENTATIONS = YES;
				CLANG_WARN_DIRECT_OBJC_ISA_USAGE = YES_ERROR;
				CLANG_WARN_DOCUMENTATION_COMMENTS = YES;
				CLANG_WARN_EMPTY_BODY = YES;
				CLANG_WARN_ENUM_CONVERSION = YES;
				CLANG_WARN_INFINITE_RECURSION = YES;
				CLANG_WARN_INT_CONVERSION = YES;
				CLANG_WARN_NON_LITERAL_NULL_CONVERSION = YES;
				CLANG_WARN_OBJC_IMPLICIT_RETAIN_SELF = YES;
				CLANG_WARN_OBJC_LITERAL_CONVERSION = YES;
				CLANG_WARN_OBJC_ROOT_CLASS = YES_ERROR;
				CLANG_WARN_QUOTED_INCLUDE_IN_FRAMEWORK_HEADER = YES;
				CLANG_WARN_RANGE_LOOP_ANALYSIS = YES;
				CLANG_WARN_STRICT_PROTOTYPES = YES;
				CLANG_WARN_SUSPICIOUS_MOVE = YES;
				CLANG_WARN_UNGUARDED_AVAILABILITY = YES_AGGRESSIVE;
				CLANG_WARN_UNREACHABLE_CODE = YES;
				CLANG_WARN__DUPLICATE_METHOD_MATCH = YES;
				COPY_PHASE_STRIP = NO;
				DEBUG_INFORMATION_FORMAT = dwarf;
				ENABLE_STRICT_OBJC_MSGSEND = YES;
				ENABLE_TESTABILITY = YES;
				GCC_C_LANGUAGE_STANDARD = gnu11;
				GCC_DYNAMIC_NO_PIC = NO;
				GCC_NO_COMMON_BLOCKS = YES;
				GCC_OPTIMIZATION_LEVEL = 0;
				GCC_PREPROCESSOR_DEFINITIONS = (
					"DEBUG=1",
					"$(inherited)",
				);
				GCC_WARN_64_TO_32_BIT_CONVERSION = YES;
				GCC_WARN_ABOUT_RETURN_TYPE = YES_ERROR;
				GCC_WARN_UNDECLARED_SELECTOR = YES;
				GCC_WARN_UNINITIALIZED_AUTOS = YES_AGGRESSIVE;
				GCC_WARN_UNUSED_FUNCTION = YES;
				GCC_WARN_UNUSED_VARIABLE = YES;
				IPHONEOS_DEPLOYMENT_TARGET = 14.0;
				MTL_ENABLE_DEBUG_INFO = INCLUDE_SOURCE;
				MTL_FAST_MATH = YES;
				ONLY_ACTIVE_ARCH = YES;
				SDKROOT = iphoneos;
				SWIFT_ACTIVE_COMPILATION_CONDITIONS = DEBUG;
				SWIFT_OPTIMIZATION_LEVEL = "-Onone";
			};
			name = Debug;
		};
		483BDB1E28F459CC00635BCC /* Release */ = {
			isa = XCBuildConfiguration;
			buildSettings = {
				ALWAYS_SEARCH_USER_PATHS = NO;
				CLANG_ANALYZER_NONNULL = YES;
				CLANG_ANALYZER_NUMBER_OBJECT_CONVERSION = YES_AGGRESSIVE;
				CLANG_CXX_LANGUAGE_STANDARD = "gnu++20";
				CLANG_ENABLE_MODULES = YES;
				CLANG_ENABLE_OBJC_ARC = YES;
				CLANG_ENABLE_OBJC_WEAK = YES;
				CLANG_WARN_BLOCK_CAPTURE_AUTORELEASING = YES;
				CLANG_WARN_BOOL_CONVERSION = YES;
				CLANG_WARN_COMMA = YES;
				CLANG_WARN_CONSTANT_CONVERSION = YES;
				CLANG_WARN_DEPRECATED_OBJC_IMPLEMENTATIONS = YES;
				CLANG_WARN_DIRECT_OBJC_ISA_USAGE = YES_ERROR;
				CLANG_WARN_DOCUMENTATION_COMMENTS = YES;
				CLANG_WARN_EMPTY_BODY = YES;
				CLANG_WARN_ENUM_CONVERSION = YES;
				CLANG_WARN_INFINITE_RECURSION = YES;
				CLANG_WARN_INT_CONVERSION = YES;
				CLANG_WARN_NON_LITERAL_NULL_CONVERSION = YES;
				CLANG_WARN_OBJC_IMPLICIT_RETAIN_SELF = YES;
				CLANG_WARN_OBJC_LITERAL_CONVERSION = YES;
				CLANG_WARN_OBJC_ROOT_CLASS = YES_ERROR;
				CLANG_WARN_QUOTED_INCLUDE_IN_FRAMEWORK_HEADER = YES;
				CLANG_WARN_RANGE_LOOP_ANALYSIS = YES;
				CLANG_WARN_STRICT_PROTOTYPES = YES;
				CLANG_WARN_SUSPICIOUS_MOVE = YES;
				CLANG_WARN_UNGUARDED_AVAILABILITY = YES_AGGRESSIVE;
				CLANG_WARN_UNREACHABLE_CODE = YES;
				CLANG_WARN__DUPLICATE_METHOD_MATCH = YES;
				COPY_PHASE_STRIP = NO;
				DEBUG_INFORMATION_FORMAT = "dwarf-with-dsym";
				ENABLE_NS_ASSERTIONS = NO;
				ENABLE_STRICT_OBJC_MSGSEND = YES;
				GCC_C_LANGUAGE_STANDARD = gnu11;
				GCC_NO_COMMON_BLOCKS = YES;
				GCC_WARN_64_TO_32_BIT_CONVERSION = YES;
				GCC_WARN_ABOUT_RETURN_TYPE = YES_ERROR;
				GCC_WARN_UNDECLARED_SELECTOR = YES;
				GCC_WARN_UNINITIALIZED_AUTOS = YES_AGGRESSIVE;
				GCC_WARN_UNUSED_FUNCTION = YES;
				GCC_WARN_UNUSED_VARIABLE = YES;
				IPHONEOS_DEPLOYMENT_TARGET = 14.0;
				MTL_ENABLE_DEBUG_INFO = NO;
				MTL_FAST_MATH = YES;
				SDKROOT = iphoneos;
				SWIFT_COMPILATION_MODE = wholemodule;
				SWIFT_OPTIMIZATION_LEVEL = "-O";
				VALIDATE_PRODUCT = YES;
			};
			name = Release;
		};
		483BDB2028F459CC00635BCC /* Debug */ = {
			isa = XCBuildConfiguration;
			buildSettings = {
				ASSETCATALOG_COMPILER_APPICON_NAME = AppIcon;
				ASSETCATALOG_COMPILER_GLOBAL_ACCENT_COLOR_NAME = AccentColor;
				ASSETCATALOG_COMPILER_INCLUDE_ALL_APPICON_ASSETS = YES;
				CODE_SIGN_ENTITLEMENTS = NewTest/NewTest.entitlements;
				CODE_SIGN_STYLE = Automatic;
				CURRENT_PROJECT_VERSION = 4;
				DEVELOPMENT_TEAM = 9D3UPKQ9AL;
				FRAMEWORK_SEARCH_PATHS = (
					"$(inherited)",
					"$(PROJECT_DIR)/NewTest",
				);
				GENERATE_INFOPLIST_FILE = YES;
				INFOPLIST_FILE = NewTest/Info.plist;
				INFOPLIST_KEY_CFBundleDisplayName = "Identify v3";
				INFOPLIST_KEY_ITSAppUsesNonExemptEncryption = NO;
				INFOPLIST_KEY_LSApplicationCategoryType = "public.app-category.finance";
				INFOPLIST_KEY_NFCReaderUsageDescription = "NFC Kullanım izni";
				INFOPLIST_KEY_NSCameraUsageDescription = "Görüntülü görüşme yapmak ve diğer modülleri kullanabilmek için izniniz gerekmektedir";
				INFOPLIST_KEY_NSMicrophoneUsageDescription = "Kısa video çekimi için mikrofon izni gerekmektedir";
				INFOPLIST_KEY_NSSpeechRecognitionUsageDescription = "Konuşma testi modülünü kullanabilmeniz için izniniz gerekmektedir";
				INFOPLIST_KEY_UIApplicationSupportsIndirectInputEvents = YES;
				INFOPLIST_KEY_UILaunchStoryboardName = LaunchScreen.storyboard;
				INFOPLIST_KEY_UISupportedInterfaceOrientations = UIInterfaceOrientationPortrait;
				IPHONEOS_DEPLOYMENT_TARGET = 15.0;
				LD_RUNPATH_SEARCH_PATHS = (
					"$(inherited)",
					"@executable_path/Frameworks",
				);
				MARKETING_VERSION = 3.0;
				PRODUCT_BUNDLE_IDENTIFIER = com.identifytr.ios.v3;
				PRODUCT_NAME = "$(TARGET_NAME)";
				SUPPORTED_PLATFORMS = "iphoneos iphonesimulator";
				SUPPORTS_MACCATALYST = NO;
				SUPPORTS_MAC_DESIGNED_FOR_IPHONE_IPAD = NO;
				SUPPORTS_XR_DESIGNED_FOR_IPHONE_IPAD = NO;
				SWIFT_EMIT_LOC_STRINGS = YES;
				SWIFT_VERSION = 5.0;
				TARGETED_DEVICE_FAMILY = 1;
			};
			name = Debug;
		};
		483BDB2128F459CC00635BCC /* Release */ = {
			isa = XCBuildConfiguration;
			buildSettings = {
				ASSETCATALOG_COMPILER_APPICON_NAME = AppIcon;
				ASSETCATALOG_COMPILER_GLOBAL_ACCENT_COLOR_NAME = AccentColor;
				ASSETCATALOG_COMPILER_INCLUDE_ALL_APPICON_ASSETS = YES;
				CODE_SIGN_ENTITLEMENTS = NewTest/NewTest.entitlements;
				CODE_SIGN_STYLE = Automatic;
				CURRENT_PROJECT_VERSION = 4;
				DEVELOPMENT_TEAM = 9D3UPKQ9AL;
				FRAMEWORK_SEARCH_PATHS = (
					"$(inherited)",
					"$(PROJECT_DIR)/NewTest",
				);
				GENERATE_INFOPLIST_FILE = YES;
				INFOPLIST_FILE = NewTest/Info.plist;
				INFOPLIST_KEY_CFBundleDisplayName = "Identify v3";
				INFOPLIST_KEY_ITSAppUsesNonExemptEncryption = NO;
				INFOPLIST_KEY_LSApplicationCategoryType = "public.app-category.finance";
				INFOPLIST_KEY_NFCReaderUsageDescription = "NFC Kullanım izni";
				INFOPLIST_KEY_NSCameraUsageDescription = "Görüntülü görüşme yapmak ve diğer modülleri kullanabilmek için izniniz gerekmektedir";
				INFOPLIST_KEY_NSMicrophoneUsageDescription = "Kısa video çekimi için mikrofon izni gerekmektedir";
				INFOPLIST_KEY_NSSpeechRecognitionUsageDescription = "Konuşma testi modülünü kullanabilmeniz için izniniz gerekmektedir";
				INFOPLIST_KEY_UIApplicationSupportsIndirectInputEvents = YES;
				INFOPLIST_KEY_UILaunchStoryboardName = LaunchScreen.storyboard;
				INFOPLIST_KEY_UISupportedInterfaceOrientations = UIInterfaceOrientationPortrait;
				IPHONEOS_DEPLOYMENT_TARGET = 15.0;
				LD_RUNPATH_SEARCH_PATHS = (
					"$(inherited)",
					"@executable_path/Frameworks",
				);
				MARKETING_VERSION = 3.0;
				PRODUCT_BUNDLE_IDENTIFIER = com.identifytr.ios.v3;
				PRODUCT_NAME = "$(TARGET_NAME)";
				SUPPORTED_PLATFORMS = "iphoneos iphonesimulator";
				SUPPORTS_MACCATALYST = NO;
				SUPPORTS_MAC_DESIGNED_FOR_IPHONE_IPAD = NO;
				SUPPORTS_XR_DESIGNED_FOR_IPHONE_IPAD = NO;
				SWIFT_EMIT_LOC_STRINGS = YES;
				SWIFT_VERSION = 5.0;
				TARGETED_DEVICE_FAMILY = 1;
			};
			name = Release;
		};
/* End XCBuildConfiguration section */

/* Begin XCConfigurationList section */
		483BDB0628F459CC00635BCC /* Build configuration list for PBXProject "NewTest" */ = {
			isa = XCConfigurationList;
			buildConfigurations = (
				483BDB1D28F459CC00635BCC /* Debug */,
				483BDB1E28F459CC00635BCC /* Release */,
			);
			defaultConfigurationIsVisible = 0;
			defaultConfigurationName = Release;
		};
		483BDB1F28F459CC00635BCC /* Build configuration list for PBXNativeTarget "IdentifyTR" */ = {
			isa = XCConfigurationList;
			buildConfigurations = (
				483BDB2028F459CC00635BCC /* Debug */,
				483BDB2128F459CC00635BCC /* Release */,
			);
			defaultConfigurationIsVisible = 0;
			defaultConfigurationName = Release;
		};
/* End XCConfigurationList section */

/* Begin XCRemoteSwiftPackageReference section */
		48171403294716830095A64F /* XCRemoteSwiftPackageReference "netfox" */ = {
			isa = XCRemoteSwiftPackageReference;
			repositoryURL = "https://github.com/kasketis/netfox";
			requirement = {
				kind = upToNextMajorVersion;
				minimumVersion = 1.0.0;
			};
		};
		4831E1F12B69284400B67891 /* XCRemoteSwiftPackageReference "IQKeyboardManager" */ = {
			isa = XCRemoteSwiftPackageReference;
			repositoryURL = "https://github.com/hackiftekhar/IQKeyboardManager.git";
			requirement = {
				kind = upToNextMajorVersion;
				minimumVersion = 7.0.1;
			};
		};
		48420BA52A8B61840005250F /* XCRemoteSwiftPackageReference "WebRTC" */ = {
			isa = XCRemoteSwiftPackageReference;
			repositoryURL = "https://github.com/stasel/WebRTC.git";
			requirement = {
				kind = exactVersion;
				version = 94.0.0;
			};
		};
		4857BFF62902D621001FE850 /* XCRemoteSwiftPackageReference "OpenSSL" */ = {
			isa = XCRemoteSwiftPackageReference;
			repositoryURL = "https://github.com/krzyzanowskim/OpenSSL.git";
			requirement = {
				kind = upToNextMinorVersion;
				minimumVersion = 1.1.1700;
			};
		};
		4857BFF92902D636001FE850 /* XCRemoteSwiftPackageReference "Starscream" */ = {
			isa = XCRemoteSwiftPackageReference;
			repositoryURL = "https://github.com/daltoniam/Starscream.git";
			requirement = {
				kind = exactVersion;
				version = 3.1.1;
			};
		};
		486A111C2B07BED000A34623 /* XCRemoteSwiftPackageReference "PermissionsKit" */ = {
			isa = XCRemoteSwiftPackageReference;
			repositoryURL = "https://github.com/sparrowcode/PermissionsKit";
			requirement = {
				kind = upToNextMajorVersion;
				minimumVersion = 10.0.1;
			};
		};
		4880596C291D0EBD0058C7CD /* XCRemoteSwiftPackageReference "Toast" */ = {
			isa = XCRemoteSwiftPackageReference;
			repositoryURL = "https://github.com/hengyu/Toast.git";
			requirement = {
				kind = upToNextMajorVersion;
				minimumVersion = 1.0.0;
			};
		};
		48AB73FD291A762100F591A4 /* XCRemoteSwiftPackageReference "SwiftSignatureView" */ = {
			isa = XCRemoteSwiftPackageReference;
			repositoryURL = "https://github.com/alankarmisra/SwiftSignatureView.git";
			requirement = {
				kind = upToNextMajorVersion;
				minimumVersion = 3.0.0;
			};
		};
		48D802272924F6B000B9BB83 /* XCRemoteSwiftPackageReference "CHIOTPField" */ = {
			isa = XCRemoteSwiftPackageReference;
			repositoryURL = "https://github.com/ChiliLabs/CHIOTPField.git";
			requirement = {
				kind = upToNextMajorVersion;
				minimumVersion = 0.1.0;
			};
		};
		48F0867629F7CA4E00FCA4BF /* XCRemoteSwiftPackageReference "QKMRZScanner" */ = {
			isa = XCRemoteSwiftPackageReference;
			repositoryURL = "https://github.com/Mattijah/QKMRZScanner.git";
			requirement = {
				branch = "master-spm";
				kind = branch;
			};
		};
/* End XCRemoteSwiftPackageReference section */

/* Begin XCSwiftPackageProductDependency section */
		48171404294716830095A64F /* netfox */ = {
			isa = XCSwiftPackageProductDependency;
			package = 48171403294716830095A64F /* XCRemoteSwiftPackageReference "netfox" */;
			productName = netfox;
		};
		4831E1F22B69284400B67891 /* IQKeyboardManagerSwift */ = {
			isa = XCSwiftPackageProductDependency;
			package = 4831E1F12B69284400B67891 /* XCRemoteSwiftPackageReference "IQKeyboardManager" */;
			productName = IQKeyboardManagerSwift;
		};
		48420BA62A8B61840005250F /* WebRTC */ = {
			isa = XCSwiftPackageProductDependency;
			package = 48420BA52A8B61840005250F /* XCRemoteSwiftPackageReference "WebRTC" */;
			productName = WebRTC;
		};
		4857BFF72902D621001FE850 /* OpenSSL */ = {
			isa = XCSwiftPackageProductDependency;
			package = 4857BFF62902D621001FE850 /* XCRemoteSwiftPackageReference "OpenSSL" */;
			productName = OpenSSL;
		};
		4857BFFA2902D636001FE850 /* Starscream */ = {
			isa = XCSwiftPackageProductDependency;
			package = 4857BFF92902D636001FE850 /* XCRemoteSwiftPackageReference "Starscream" */;
			productName = Starscream;
		};
		486A111D2B07BED000A34623 /* CameraPermission */ = {
			isa = XCSwiftPackageProductDependency;
			package = 486A111C2B07BED000A34623 /* XCRemoteSwiftPackageReference "PermissionsKit" */;
			productName = CameraPermission;
		};
		486A111F2B07BED000A34623 /* MicrophonePermission */ = {
			isa = XCSwiftPackageProductDependency;
			package = 486A111C2B07BED000A34623 /* XCRemoteSwiftPackageReference "PermissionsKit" */;
			productName = MicrophonePermission;
		};
		486A11212B07BED000A34623 /* SpeechRecognizerPermission */ = {
			isa = XCSwiftPackageProductDependency;
			package = 486A111C2B07BED000A34623 /* XCRemoteSwiftPackageReference "PermissionsKit" */;
			productName = SpeechRecognizerPermission;
		};
		4880596D291D0EBD0058C7CD /* Toast */ = {
			isa = XCSwiftPackageProductDependency;
			package = 4880596C291D0EBD0058C7CD /* XCRemoteSwiftPackageReference "Toast" */;
			productName = Toast;
		};
		48AB73FE291A762100F591A4 /* SwiftSignatureView */ = {
			isa = XCSwiftPackageProductDependency;
			package = 48AB73FD291A762100F591A4 /* XCRemoteSwiftPackageReference "SwiftSignatureView" */;
			productName = SwiftSignatureView;
		};
		48D802282924F6B000B9BB83 /* CHIOTPField */ = {
			isa = XCSwiftPackageProductDependency;
			package = 48D802272924F6B000B9BB83 /* XCRemoteSwiftPackageReference "CHIOTPField" */;
			productName = CHIOTPField;
		};
		48F0867729F7CA4E00FCA4BF /* QKMRZScanner */ = {
			isa = XCSwiftPackageProductDependency;
			package = 48F0867629F7CA4E00FCA4BF /* XCRemoteSwiftPackageReference "QKMRZScanner" */;
			productName = QKMRZScanner;
		};
/* End XCSwiftPackageProductDependency section */

/* Begin XCVersionGroup section */
		488B29F92E05BFDC00D1B6A0 /* Env.xcdatamodeld */ = {
			isa = XCVersionGroup;
			children = (
				488B29FA2E05BFDC00D1B6A0 /* Env.xcdatamodel */,
			);
			currentVersion = 488B29FA2E05BFDC00D1B6A0 /* Env.xcdatamodel */;
			path = Env.xcdatamodeld;
			sourceTree = "<group>";
			versionGroupType = wrapper.xcdatamodel;
		};
		DF7BC1682D4A279600372CAB /* Env.xcdatamodeld */ = {
			isa = XCVersionGroup;
			children = (
				DF7BC1692D4A279600372CAB /* Env.xcdatamodel */,
			);
			currentVersion = DF7BC1692D4A279600372CAB /* Env.xcdatamodel */;
			path = Env.xcdatamodeld;
			sourceTree = "<group>";
			versionGroupType = wrapper.xcdatamodel;
		};
/* End XCVersionGroup section */
	};
	rootObject = 483BDB0328F459CC00635BCC /* Project object */;
}
